// !$*UTF8*$!
{
	archiveVersion = 1;
	classes = {
	};
	objectVersion = 46;
	objects = {

/* Begin PBXBuildFile section */
		7A0C59B71C5EF20900649639 /* libWeChatSDK.a in Frameworks */ = {isa = PBXBuildFile; fileRef = 7A0C59B31C5EF20900649639 /* libWeChatSDK.a */; };
		7A0C59BD1C5EF29500649639 /* libWeChatSDK.a in Frameworks */ = {isa = PBXBuildFile; fileRef = 7A0C59B91C5EF29500649639 /* libWeChatSDK.a */; };
		7A11DD3E1C3F9E8000D180E0 /* blueArrow.png in Resources */ = {isa = PBXBuildFile; fileRef = 7A11DD3A1C3F9E8000D180E0 /* blueArrow.png */; };
		7A11DD3F1C3F9E8000D180E0 /* blueArrowDown.png in Resources */ = {isa = PBXBuildFile; fileRef = 7A11DD3B1C3F9E8000D180E0 /* blueArrowDown.png */; };
		7A11DD401C3F9E8000D180E0 /* PullingRefreshTableView.m in Sources */ = {isa = PBXBuildFile; fileRef = 7A11DD3D1C3F9E8000D180E0 /* PullingRefreshTableView.m */; settings = {COMPILER_FLAGS = "-fno-objc-arc"; }; };
		7A11DD441C3FA3BC00D180E0 /* goodTableViewCell.m in Sources */ = {isa = PBXBuildFile; fileRef = 7A11DD421C3FA3BC00D180E0 /* goodTableViewCell.m */; };
		7A11DD451C3FA3BC00D180E0 /* goodTableViewCell.xib in Resources */ = {isa = PBXBuildFile; fileRef = 7A11DD431C3FA3BC00D180E0 /* goodTableViewCell.xib */; };
		7A2A2F161C3FB775004EF082 /* goodActivity.plist in Resources */ = {isa = PBXBuildFile; fileRef = 7A2A2F151C3FB775004EF082 /* goodActivity.plist */; };
		7A2A2F181C3FB84C004EF082 /* good.plist in Resources */ = {isa = PBXBuildFile; fileRef = 7A2A2F171C3FB84C004EF082 /* good.plist */; };
		7A2A2F1B1C3FBE40004EF082 /* GoogActivityModel.m in Sources */ = {isa = PBXBuildFile; fileRef = 7A2A2F1A1C3FBE40004EF082 /* GoogActivityModel.m */; };
		7A44FBE61C3D4E9A00A6B687 /* 头文档大点击事件 in Resources */ = {isa = PBXBuildFile; fileRef = 7A44FBE51C3D4E9A00A6B687 /* 头文档大点击事件 */; };
		7A57A90A1C4738060036F630 /* ShareView.m in Sources */ = {isa = PBXBuildFile; fileRef = 7A57A9091C4738060036F630 /* ShareView.m */; };
		7A57A90D1C474E000036F630 /* shareViewController.m in Sources */ = {isa = PBXBuildFile; fileRef = 7A57A90C1C474E000036F630 /* shareViewController.m */; };
		7A5BE76D1C3E10F7008CF120 /* ActivityScrollView.m in Sources */ = {isa = PBXBuildFile; fileRef = 7A5BE76C1C3E10F7008CF120 /* ActivityScrollView.m */; };
		7A6100A51C449F0C00D8FFBB /* ProgressHUD.bundle in Resources */ = {isa = PBXBuildFile; fileRef = 7A6100A21C449F0C00D8FFBB /* ProgressHUD.bundle */; };
		7A6100A61C449F0C00D8FFBB /* ProgressHUD.m in Sources */ = {isa = PBXBuildFile; fileRef = 7A6100A41C449F0C00D8FFBB /* ProgressHUD.m */; };
		7A6100AA1C44FA6800D8FFBB /* DiscoverTableViewCell.m in Sources */ = {isa = PBXBuildFile; fileRef = 7A6100A81C44FA6800D8FFBB /* DiscoverTableViewCell.m */; };
		7A6100AB1C44FA6800D8FFBB /* DiscoverTableViewCell.xib in Resources */ = {isa = PBXBuildFile; fileRef = 7A6100A91C44FA6800D8FFBB /* DiscoverTableViewCell.xib */; };
		7A6100EF1C45038A00D8FFBB /* BaseModel.m in Sources */ = {isa = PBXBuildFile; fileRef = 7A6100DF1C45038A00D8FFBB /* BaseModel.m */; };
		7A6100F01C45038A00D8FFBB /* BaseTableViewCell.m in Sources */ = {isa = PBXBuildFile; fileRef = 7A6100E11C45038A00D8FFBB /* BaseTableViewCell.m */; };
		7A6100F11C45038A00D8FFBB /* CategoryModel.m in Sources */ = {isa = PBXBuildFile; fileRef = 7A6100E31C45038A00D8FFBB /* CategoryModel.m */; };
		7A6100F21C45038A00D8FFBB /* CollectModel.m in Sources */ = {isa = PBXBuildFile; fileRef = 7A6100E51C45038A00D8FFBB /* CollectModel.m */; };
		7A6100F31C45038A00D8FFBB /* HorizonScrollTableView.m in Sources */ = {isa = PBXBuildFile; fileRef = 7A6100E71C45038A00D8FFBB /* HorizonScrollTableView.m */; };
		7A6100F41C45038A00D8FFBB /* HorizontalScrollCell.m in Sources */ = {isa = PBXBuildFile; fileRef = 7A6100E91C45038A00D8FFBB /* HorizontalScrollCell.m */; };
		7A6100F51C45038A00D8FFBB /* HorzonItemCell.m in Sources */ = {isa = PBXBuildFile; fileRef = 7A6100EC1C45038A00D8FFBB /* HorzonItemCell.m */; };
		7A6100F61C45038A00D8FFBB /* UIView+ViewConstraint.m in Sources */ = {isa = PBXBuildFile; fileRef = 7A6100EE1C45038A00D8FFBB /* UIView+ViewConstraint.m */; };
		7A6100F81C450F5400D8FFBB /* found.plist in Resources */ = {isa = PBXBuildFile; fileRef = 7A6100F71C450F5400D8FFBB /* found.plist */; };
		7A6100FB1C450FC500D8FFBB /* diccoverModel.m in Sources */ = {isa = PBXBuildFile; fileRef = 7A6100FA1C450FC500D8FFBB /* diccoverModel.m */; };
		7A679A291C3F57E1009913CF /* MainProperty List.plist in Resources */ = {isa = PBXBuildFile; fileRef = 7A679A281C3F57E1009913CF /* MainProperty List.plist */; };
		7A73C2A11C48738200F1F71C /* libWeChatSDK.a in Frameworks */ = {isa = PBXBuildFile; fileRef = 7A73C29D1C48738200F1F71C /* libWeChatSDK.a */; };
		7A73C2A31C48CDB100F1F71C /* Images.xcassets in Resources */ = {isa = PBXBuildFile; fileRef = 7A73C2A21C48CDB100F1F71C /* Images.xcassets */; };
		7A73C2A51C48CE0600F1F71C /* Images-2.xcassets in Resources */ = {isa = PBXBuildFile; fileRef = 7A73C2A41C48CE0600F1F71C /* Images-2.xcassets */; };
		7A73C2A71C48E90F00F1F71C /* BmobSDK.framework in Frameworks */ = {isa = PBXBuildFile; fileRef = 7A73C2A61C48E90F00F1F71C /* BmobSDK.framework */; };
		7A73C2A91C48E98100F1F71C /* CoreLocation.framework in Frameworks */ = {isa = PBXBuildFile; fileRef = 7A73C2A81C48E98100F1F71C /* CoreLocation.framework */; };
		7A73C2AB1C48E9A200F1F71C /* MobileCoreServices.framework in Frameworks */ = {isa = PBXBuildFile; fileRef = 7A73C2AA1C48E9A200F1F71C /* MobileCoreServices.framework */; };
		7A73C2AD1C48E9AA00F1F71C /* CFNetwork.framework in Frameworks */ = {isa = PBXBuildFile; fileRef = 7A73C2AC1C48E9AA00F1F71C /* CFNetwork.framework */; };
		7A73C2AF1C48E9BE00F1F71C /* libz.1.2.5.tbd in Frameworks */ = {isa = PBXBuildFile; fileRef = 7A73C2AE1C48E9BE00F1F71C /* libz.1.2.5.tbd */; };
		7A73C2B11C48E9D400F1F71C /* libicucore.tbd in Frameworks */ = {isa = PBXBuildFile; fileRef = 7A73C2B01C48E9D400F1F71C /* libicucore.tbd */; };
		7A73C2B31C48E9DF00F1F71C /* AVFoundation.framework in Frameworks */ = {isa = PBXBuildFile; fileRef = 7A73C2B21C48E9DF00F1F71C /* AVFoundation.framework */; };
		7A73C2B51C48E9F100F1F71C /* MediaPlayer.framework in Frameworks */ = {isa = PBXBuildFile; fileRef = 7A73C2B41C48E9F100F1F71C /* MediaPlayer.framework */; };
		7A73C2C51C48F25E00F1F71C /* LoginViewController.m in Sources */ = {isa = PBXBuildFile; fileRef = 7A73C2C41C48F25E00F1F71C /* LoginViewController.m */; };
		7A73C2C71C48F32E00F1F71C /* LoginStoryboard.storyboard in Resources */ = {isa = PBXBuildFile; fileRef = 7A73C2C61C48F32E00F1F71C /* LoginStoryboard.storyboard */; };
		7A7DD9EB1C3CBC44002E8B7B /* SelectCityViewController.m in Sources */ = {isa = PBXBuildFile; fileRef = 7A7DD9EA1C3CBC44002E8B7B /* SelectCityViewController.m */; };
		7A7DD9EE1C3CBDA0002E8B7B /* SearchViewController.m in Sources */ = {isa = PBXBuildFile; fileRef = 7A7DD9ED1C3CBDA0002E8B7B /* SearchViewController.m */; };
		7A7DD9F11C3CBE71002E8B7B /* ActivityViewController.m in Sources */ = {isa = PBXBuildFile; fileRef = 7A7DD9F01C3CBE71002E8B7B /* ActivityViewController.m */; };
		7A7DD9F41C3CBF53002E8B7B /* ThemeViewController.m in Sources */ = {isa = PBXBuildFile; fileRef = 7A7DD9F31C3CBF53002E8B7B /* ThemeViewController.m */; };
		7A7DD9F71C3CBFE9002E8B7B /* ClassifyViewController.m in Sources */ = {isa = PBXBuildFile; fileRef = 7A7DD9F61C3CBFE9002E8B7B /* ClassifyViewController.m */; };
		7A7DD9FA1C3CC086002E8B7B /* doodActivityViewController.m in Sources */ = {isa = PBXBuildFile; fileRef = 7A7DD9F91C3CC086002E8B7B /* doodActivityViewController.m */; };
		7A7DD9FD1C3CC098002E8B7B /* CodeActivityViewController.m in Sources */ = {isa = PBXBuildFile; fileRef = 7A7DD9FC1C3CC098002E8B7B /* CodeActivityViewController.m */; };
		7ABAB10D1C3D207500788211 /* UIViewController+Comment.m in Sources */ = {isa = PBXBuildFile; fileRef = 7ABAB10C1C3D207500788211 /* UIViewController+Comment.m */; };
		7AE08AD11C3E4C6C000CEA0B /* HWTools.m in Sources */ = {isa = PBXBuildFile; fileRef = 7AE08AD01C3E4C6C000CEA0B /* HWTools.m */; };
		7AE08AD41C3E5B10000CEA0B /* UIView+Extension.m in Sources */ = {isa = PBXBuildFile; fileRef = 7AE08AD31C3E5B0F000CEA0B /* UIView+Extension.m */; };
		7AE40E2A1C3F5EE400094E59 /* ThemeView.m in Sources */ = {isa = PBXBuildFile; fileRef = 7AE40E291C3F5EE400094E59 /* ThemeView.m */; };
		7AE40E2C1C3F67C700094E59 /* Theme.plist in Resources */ = {isa = PBXBuildFile; fileRef = 7AE40E2B1C3F67C700094E59 /* Theme.plist */; };
		7AF14AB71C3B6B090083C73C /* btn_search.png in Resources */ = {isa = PBXBuildFile; fileRef = 7AF14AB61C3B6B090083C73C /* btn_search.png */; };
		7AF14AB91C3B9D670083C73C /* city in Resources */ = {isa = PBXBuildFile; fileRef = 7AF14AB81C3B9D670083C73C /* city */; };
		7AF14ABC1C3BA0710083C73C /* MainModel.m in Sources */ = {isa = PBXBuildFile; fileRef = 7AF14ABB1C3BA0710083C73C /* MainModel.m */; };
		7AF570451C3A1C3C004184E8 /* main.m in Sources */ = {isa = PBXBuildFile; fileRef = 7AF570441C3A1C3C004184E8 /* main.m */; };
		7AF570481C3A1C3C004184E8 /* AppDelegate.m in Sources */ = {isa = PBXBuildFile; fileRef = 7AF570471C3A1C3C004184E8 /* AppDelegate.m */; };
		7AF5704A1C3A1C3C004184E8 /* Assets.xcassets in Resources */ = {isa = PBXBuildFile; fileRef = 7AF570491C3A1C3C004184E8 /* Assets.xcassets */; };
		7AF5704D1C3A1C3C004184E8 /* LaunchScreen.storyboard in Resources */ = {isa = PBXBuildFile; fileRef = 7AF5704B1C3A1C3C004184E8 /* LaunchScreen.storyboard */; };
		7AF570911C3A5CDE004184E8 /* DiscoverViewController.m in Sources */ = {isa = PBXBuildFile; fileRef = 7AF570841C3A5CDE004184E8 /* DiscoverViewController.m */; };
		7AF570921C3A5CDE004184E8 /* MainViewController.m in Sources */ = {isa = PBXBuildFile; fileRef = 7AF5708A1C3A5CDE004184E8 /* MainViewController.m */; };
		7AF570931C3A5CDE004184E8 /* MineViewController.m in Sources */ = {isa = PBXBuildFile; fileRef = 7AF570901C3A5CDE004184E8 /* MineViewController.m */; };
		7AF570951C3A5D1E004184E8 /* Discover.storyboard in Resources */ = {isa = PBXBuildFile; fileRef = 7AF570941C3A5D1E004184E8 /* Discover.storyboard */; };
		7AF570971C3A5D3F004184E8 /* Main.storyboard in Resources */ = {isa = PBXBuildFile; fileRef = 7AF570961C3A5D3F004184E8 /* Main.storyboard */; };
		7AF570991C3A5D8C004184E8 /* Mine.storyboard in Resources */ = {isa = PBXBuildFile; fileRef = 7AF570981C3A5D8C004184E8 /* Mine.storyboard */; };
		7AF570A91C3A7676004184E8 /* MainTableViewCell.m in Sources */ = {isa = PBXBuildFile; fileRef = 7AF570A71C3A7676004184E8 /* MainTableViewCell.m */; };
		7AF570AA1C3A7676004184E8 /* MainTableViewCell.xib in Resources */ = {isa = PBXBuildFile; fileRef = 7AF570A81C3A7676004184E8 /* MainTableViewCell.xib */; };
		7AF63D231C4351FC00734778 /* hotActivityModel.m in Sources */ = {isa = PBXBuildFile; fileRef = 7AF63D221C4351FC00734778 /* hotActivityModel.m */; };
		7AF63D271C43543200734778 /* hotTableViewCell.m in Sources */ = {isa = PBXBuildFile; fileRef = 7AF63D251C43543200734778 /* hotTableViewCell.m */; };
		7AF63D281C43543200734778 /* hotTableViewCell.xib in Resources */ = {isa = PBXBuildFile; fileRef = 7AF63D261C43543200734778 /* hotTableViewCell.xib */; };
		7AF63D2A1C4355A300734778 /* hot.plist in Resources */ = {isa = PBXBuildFile; fileRef = 7AF63D291C4355A300734778 /* hot.plist */; };
		7AF63D341C43913400734778 /* VOContentLayer.m in Sources */ = {isa = PBXBuildFile; fileRef = 7AF63D2D1C43913400734778 /* VOContentLayer.m */; };
		7AF63D351C43913400734778 /* VOIndicatorAnimation.m in Sources */ = {isa = PBXBuildFile; fileRef = 7AF63D2F1C43913400734778 /* VOIndicatorAnimation.m */; };
		7AF63D361C43913400734778 /* VOSegment.m in Sources */ = {isa = PBXBuildFile; fileRef = 7AF63D311C43913400734778 /* VOSegment.m */; };
		7AF63D371C43913400734778 /* VOSegmentedControl.m in Sources */ = {isa = PBXBuildFile; fileRef = 7AF63D331C43913400734778 /* VOSegmentedControl.m */; };
		7AF63D3C1C43A7F400734778 /* typeid6.plist in Resources */ = {isa = PBXBuildFile; fileRef = 7AF63D381C43A7F400734778 /* typeid6.plist */; };
		7AF63D3D1C43A7F400734778 /* typeid22.plist in Resources */ = {isa = PBXBuildFile; fileRef = 7AF63D391C43A7F400734778 /* typeid22.plist */; };
		7AF63D3E1C43A7F400734778 /* typeid23.plist in Resources */ = {isa = PBXBuildFile; fileRef = 7AF63D3A1C43A7F400734778 /* typeid23.plist */; };
		7AF63D3F1C43A7F400734778 /* typeud21.plist in Resources */ = {isa = PBXBuildFile; fileRef = 7AF63D3B1C43A7F400734778 /* typeud21.plist */; };
		7AF84C4B1C462BF60074170A /* MessageUI.framework in Frameworks */ = {isa = PBXBuildFile; fileRef = 7AF84C4A1C462BF60074170A /* MessageUI.framework */; };
		7AF84C591C464FD10074170A /* libWeiboSDK.a in Frameworks */ = {isa = PBXBuildFile; fileRef = 7AF84C4D1C464FD10074170A /* libWeiboSDK.a */; };
		7AF84C5A1C464FD10074170A /* WeiboSDK.bundle in Resources */ = {isa = PBXBuildFile; fileRef = 7AF84C561C464FD10074170A /* WeiboSDK.bundle */; };
		7AF84C5C1C46505E0074170A /* QuartzCore.framework in Frameworks */ = {isa = PBXBuildFile; fileRef = 7AF84C5B1C46505D0074170A /* QuartzCore.framework */; };
		7AF84C5E1C46506A0074170A /* ImageIO.framework in Frameworks */ = {isa = PBXBuildFile; fileRef = 7AF84C5D1C46506A0074170A /* ImageIO.framework */; };
		7AF84C601C46507E0074170A /* SystemConfiguration.framework in Frameworks */ = {isa = PBXBuildFile; fileRef = 7AF84C5F1C46507E0074170A /* SystemConfiguration.framework */; };
		7AF84C621C46508D0074170A /* CoreTelephony.framework in Frameworks */ = {isa = PBXBuildFile; fileRef = 7AF84C611C46508D0074170A /* CoreTelephony.framework */; };
		7AF84C641C46509A0074170A /* CoreText.framework in Frameworks */ = {isa = PBXBuildFile; fileRef = 7AF84C631C46509A0074170A /* CoreText.framework */; };
		7AF84C661C4650A50074170A /* UIKit.framework in Frameworks */ = {isa = PBXBuildFile; fileRef = 7AF84C651C4650A50074170A /* UIKit.framework */; };
		7AF84C681C4650B10074170A /* Foundation.framework in Frameworks */ = {isa = PBXBuildFile; fileRef = 7AF84C671C4650B10074170A /* Foundation.framework */; };
		7AF84C6A1C4650BD0074170A /* CoreGraphics.framework in Frameworks */ = {isa = PBXBuildFile; fileRef = 7AF84C691C4650BD0074170A /* CoreGraphics.framework */; };
		7AF84C6C1C4650D30074170A /* libz.tbd in Frameworks */ = {isa = PBXBuildFile; fileRef = 7AF84C6B1C4650D30074170A /* libz.tbd */; };
		7AF84C6E1C4650E30074170A /* libsqlite3.tbd in Frameworks */ = {isa = PBXBuildFile; fileRef = 7AF84C6D1C4650E30074170A /* libsqlite3.tbd */; };
		7AF84C701C4650F50074170A /* Security.framework in Frameworks */ = {isa = PBXBuildFile; fileRef = 7AF84C6F1C4650F50074170A /* Security.framework */; };
		8B953F8698230DD898A1E150 /* libPods.a in Frameworks */ = {isa = PBXBuildFile; fileRef = DAC12700EB4CB82C9575F607 /* libPods.a */; };
/* End PBXBuildFile section */

/* Begin PBXFileReference section */
		751FE71B45343CF0D79548D0 /* Pods.debug.xcconfig */ = {isa = PBXFileReference; includeInIndex = 1; lastKnownFileType = text.xcconfig; name = Pods.debug.xcconfig; path = "Pods/Target Support Files/Pods/Pods.debug.xcconfig"; sourceTree = "<group>"; };
		7A0C59B31C5EF20900649639 /* libWeChatSDK.a */ = {isa = PBXFileReference; lastKnownFileType = archive.ar; path = libWeChatSDK.a; sourceTree = "<group>"; };
		7A0C59B41C5EF20900649639 /* WechatAuthSDK.h */ = {isa = PBXFileReference; fileEncoding = 4; lastKnownFileType = sourcecode.c.h; path = WechatAuthSDK.h; sourceTree = "<group>"; };
		7A0C59B51C5EF20900649639 /* WXApi.h */ = {isa = PBXFileReference; fileEncoding = 4; lastKnownFileType = sourcecode.c.h; path = WXApi.h; sourceTree = "<group>"; };
		7A0C59B61C5EF20900649639 /* WXApiObject.h */ = {isa = PBXFileReference; fileEncoding = 4; lastKnownFileType = sourcecode.c.h; path = WXApiObject.h; sourceTree = "<group>"; };
		7A0C59B91C5EF29500649639 /* libWeChatSDK.a */ = {isa = PBXFileReference; lastKnownFileType = archive.ar; path = libWeChatSDK.a; sourceTree = "<group>"; };
		7A0C59BA1C5EF29500649639 /* WechatAuthSDK.h */ = {isa = PBXFileReference; fileEncoding = 4; lastKnownFileType = sourcecode.c.h; path = WechatAuthSDK.h; sourceTree = "<group>"; };
		7A0C59BB1C5EF29500649639 /* WXApi.h */ = {isa = PBXFileReference; fileEncoding = 4; lastKnownFileType = sourcecode.c.h; path = WXApi.h; sourceTree = "<group>"; };
		7A0C59BC1C5EF29500649639 /* WXApiObject.h */ = {isa = PBXFileReference; fileEncoding = 4; lastKnownFileType = sourcecode.c.h; path = WXApiObject.h; sourceTree = "<group>"; };
		7A11DD3A1C3F9E8000D180E0 /* blueArrow.png */ = {isa = PBXFileReference; lastKnownFileType = image.png; path = blueArrow.png; sourceTree = "<group>"; };
		7A11DD3B1C3F9E8000D180E0 /* blueArrowDown.png */ = {isa = PBXFileReference; lastKnownFileType = image.png; path = blueArrowDown.png; sourceTree = "<group>"; };
		7A11DD3C1C3F9E8000D180E0 /* PullingRefreshTableView.h */ = {isa = PBXFileReference; fileEncoding = 4; lastKnownFileType = sourcecode.c.h; path = PullingRefreshTableView.h; sourceTree = "<group>"; };
		7A11DD3D1C3F9E8000D180E0 /* PullingRefreshTableView.m */ = {isa = PBXFileReference; fileEncoding = 4; lastKnownFileType = sourcecode.c.objc; path = PullingRefreshTableView.m; sourceTree = "<group>"; };
		7A11DD411C3FA3BC00D180E0 /* goodTableViewCell.h */ = {isa = PBXFileReference; fileEncoding = 4; lastKnownFileType = sourcecode.c.h; path = goodTableViewCell.h; sourceTree = "<group>"; };
		7A11DD421C3FA3BC00D180E0 /* goodTableViewCell.m */ = {isa = PBXFileReference; fileEncoding = 4; lastKnownFileType = sourcecode.c.objc; path = goodTableViewCell.m; sourceTree = "<group>"; };
		7A11DD431C3FA3BC00D180E0 /* goodTableViewCell.xib */ = {isa = PBXFileReference; fileEncoding = 4; lastKnownFileType = file.xib; path = goodTableViewCell.xib; sourceTree = "<group>"; };
		7A2A2F151C3FB775004EF082 /* goodActivity.plist */ = {isa = PBXFileReference; fileEncoding = 4; lastKnownFileType = text.plist.xml; path = goodActivity.plist; sourceTree = "<group>"; };
		7A2A2F171C3FB84C004EF082 /* good.plist */ = {isa = PBXFileReference; lastKnownFileType = text.plist; path = good.plist; sourceTree = "<group>"; };
		7A2A2F191C3FBE40004EF082 /* GoogActivityModel.h */ = {isa = PBXFileReference; fileEncoding = 4; lastKnownFileType = sourcecode.c.h; path = GoogActivityModel.h; sourceTree = "<group>"; };
		7A2A2F1A1C3FBE40004EF082 /* GoogActivityModel.m */ = {isa = PBXFileReference; fileEncoding = 4; lastKnownFileType = sourcecode.c.objc; path = GoogActivityModel.m; sourceTree = "<group>"; };
		7A44FBE51C3D4E9A00A6B687 /* 头文档大点击事件 */ = {isa = PBXFileReference; fileEncoding = 4; lastKnownFileType = text; path = "头文档大点击事件"; sourceTree = "<group>"; };
		7A57A9081C4738060036F630 /* ShareView.h */ = {isa = PBXFileReference; fileEncoding = 4; lastKnownFileType = sourcecode.c.h; path = ShareView.h; sourceTree = "<group>"; };
		7A57A9091C4738060036F630 /* ShareView.m */ = {isa = PBXFileReference; fileEncoding = 4; lastKnownFileType = sourcecode.c.objc; path = ShareView.m; sourceTree = "<group>"; };
		7A57A90B1C474E000036F630 /* shareViewController.h */ = {isa = PBXFileReference; fileEncoding = 4; lastKnownFileType = sourcecode.c.h; path = shareViewController.h; sourceTree = "<group>"; };
		7A57A90C1C474E000036F630 /* shareViewController.m */ = {isa = PBXFileReference; fileEncoding = 4; lastKnownFileType = sourcecode.c.objc; path = shareViewController.m; sourceTree = "<group>"; };
		7A5BE76B1C3E10F7008CF120 /* ActivityScrollView.h */ = {isa = PBXFileReference; fileEncoding = 4; lastKnownFileType = sourcecode.c.h; path = ActivityScrollView.h; sourceTree = "<group>"; };
		7A5BE76C1C3E10F7008CF120 /* ActivityScrollView.m */ = {isa = PBXFileReference; fileEncoding = 4; lastKnownFileType = sourcecode.c.objc; path = ActivityScrollView.m; sourceTree = "<group>"; };
		7A6100A21C449F0C00D8FFBB /* ProgressHUD.bundle */ = {isa = PBXFileReference; lastKnownFileType = "wrapper.plug-in"; path = ProgressHUD.bundle; sourceTree = "<group>"; };
		7A6100A31C449F0C00D8FFBB /* ProgressHUD.h */ = {isa = PBXFileReference; fileEncoding = 4; lastKnownFileType = sourcecode.c.h; path = ProgressHUD.h; sourceTree = "<group>"; };
		7A6100A41C449F0C00D8FFBB /* ProgressHUD.m */ = {isa = PBXFileReference; fileEncoding = 4; lastKnownFileType = sourcecode.c.objc; path = ProgressHUD.m; sourceTree = "<group>"; };
		7A6100A71C44FA6800D8FFBB /* DiscoverTableViewCell.h */ = {isa = PBXFileReference; fileEncoding = 4; lastKnownFileType = sourcecode.c.h; path = DiscoverTableViewCell.h; sourceTree = "<group>"; };
		7A6100A81C44FA6800D8FFBB /* DiscoverTableViewCell.m */ = {isa = PBXFileReference; fileEncoding = 4; lastKnownFileType = sourcecode.c.objc; path = DiscoverTableViewCell.m; sourceTree = "<group>"; };
		7A6100A91C44FA6800D8FFBB /* DiscoverTableViewCell.xib */ = {isa = PBXFileReference; fileEncoding = 4; lastKnownFileType = file.xib; path = DiscoverTableViewCell.xib; sourceTree = "<group>"; };
		7A6100DE1C45038A00D8FFBB /* BaseModel.h */ = {isa = PBXFileReference; fileEncoding = 4; lastKnownFileType = sourcecode.c.h; path = BaseModel.h; sourceTree = "<group>"; };
		7A6100DF1C45038A00D8FFBB /* BaseModel.m */ = {isa = PBXFileReference; fileEncoding = 4; lastKnownFileType = sourcecode.c.objc; path = BaseModel.m; sourceTree = "<group>"; };
		7A6100E01C45038A00D8FFBB /* BaseTableViewCell.h */ = {isa = PBXFileReference; fileEncoding = 4; lastKnownFileType = sourcecode.c.h; path = BaseTableViewCell.h; sourceTree = "<group>"; };
		7A6100E11C45038A00D8FFBB /* BaseTableViewCell.m */ = {isa = PBXFileReference; fileEncoding = 4; lastKnownFileType = sourcecode.c.objc; path = BaseTableViewCell.m; sourceTree = "<group>"; };
		7A6100E21C45038A00D8FFBB /* CategoryModel.h */ = {isa = PBXFileReference; fileEncoding = 4; lastKnownFileType = sourcecode.c.h; path = CategoryModel.h; sourceTree = "<group>"; };
		7A6100E31C45038A00D8FFBB /* CategoryModel.m */ = {isa = PBXFileReference; fileEncoding = 4; lastKnownFileType = sourcecode.c.objc; path = CategoryModel.m; sourceTree = "<group>"; };
		7A6100E41C45038A00D8FFBB /* CollectModel.h */ = {isa = PBXFileReference; fileEncoding = 4; lastKnownFileType = sourcecode.c.h; path = CollectModel.h; sourceTree = "<group>"; };
		7A6100E51C45038A00D8FFBB /* CollectModel.m */ = {isa = PBXFileReference; fileEncoding = 4; lastKnownFileType = sourcecode.c.objc; path = CollectModel.m; sourceTree = "<group>"; };
		7A6100E61C45038A00D8FFBB /* HorizonScrollTableView.h */ = {isa = PBXFileReference; fileEncoding = 4; lastKnownFileType = sourcecode.c.h; path = HorizonScrollTableView.h; sourceTree = "<group>"; };
		7A6100E71C45038A00D8FFBB /* HorizonScrollTableView.m */ = {isa = PBXFileReference; fileEncoding = 4; lastKnownFileType = sourcecode.c.objc; path = HorizonScrollTableView.m; sourceTree = "<group>"; };
		7A6100E81C45038A00D8FFBB /* HorizontalScrollCell.h */ = {isa = PBXFileReference; fileEncoding = 4; lastKnownFileType = sourcecode.c.h; path = HorizontalScrollCell.h; sourceTree = "<group>"; };
		7A6100E91C45038A00D8FFBB /* HorizontalScrollCell.m */ = {isa = PBXFileReference; fileEncoding = 4; lastKnownFileType = sourcecode.c.objc; path = HorizontalScrollCell.m; sourceTree = "<group>"; };
		7A6100EA1C45038A00D8FFBB /* HorizontalScrollCellDeleagte.h */ = {isa = PBXFileReference; fileEncoding = 4; lastKnownFileType = sourcecode.c.h; path = HorizontalScrollCellDeleagte.h; sourceTree = "<group>"; };
		7A6100EB1C45038A00D8FFBB /* HorzonItemCell.h */ = {isa = PBXFileReference; fileEncoding = 4; lastKnownFileType = sourcecode.c.h; path = HorzonItemCell.h; sourceTree = "<group>"; };
		7A6100EC1C45038A00D8FFBB /* HorzonItemCell.m */ = {isa = PBXFileReference; fileEncoding = 4; lastKnownFileType = sourcecode.c.objc; path = HorzonItemCell.m; sourceTree = "<group>"; };
		7A6100ED1C45038A00D8FFBB /* UIView+ViewConstraint.h */ = {isa = PBXFileReference; fileEncoding = 4; lastKnownFileType = sourcecode.c.h; path = "UIView+ViewConstraint.h"; sourceTree = "<group>"; };
		7A6100EE1C45038A00D8FFBB /* UIView+ViewConstraint.m */ = {isa = PBXFileReference; fileEncoding = 4; lastKnownFileType = sourcecode.c.objc; path = "UIView+ViewConstraint.m"; sourceTree = "<group>"; };
		7A6100F71C450F5400D8FFBB /* found.plist */ = {isa = PBXFileReference; fileEncoding = 4; lastKnownFileType = text.plist.xml; path = found.plist; sourceTree = "<group>"; };
		7A6100F91C450FC500D8FFBB /* diccoverModel.h */ = {isa = PBXFileReference; fileEncoding = 4; lastKnownFileType = sourcecode.c.h; path = diccoverModel.h; sourceTree = "<group>"; };
		7A6100FA1C450FC500D8FFBB /* diccoverModel.m */ = {isa = PBXFileReference; fileEncoding = 4; lastKnownFileType = sourcecode.c.objc; path = diccoverModel.m; sourceTree = "<group>"; };
		7A679A281C3F57E1009913CF /* MainProperty List.plist */ = {isa = PBXFileReference; fileEncoding = 4; lastKnownFileType = text.plist.xml; path = "MainProperty List.plist"; sourceTree = "<group>"; };
		7A73C29D1C48738200F1F71C /* libWeChatSDK.a */ = {isa = PBXFileReference; lastKnownFileType = archive.ar; path = libWeChatSDK.a; sourceTree = "<group>"; };
		7A73C29E1C48738200F1F71C /* WechatAuthSDK.h */ = {isa = PBXFileReference; fileEncoding = 4; lastKnownFileType = sourcecode.c.h; path = WechatAuthSDK.h; sourceTree = "<group>"; };
		7A73C29F1C48738200F1F71C /* WXApi.h */ = {isa = PBXFileReference; fileEncoding = 4; lastKnownFileType = sourcecode.c.h; path = WXApi.h; sourceTree = "<group>"; };
		7A73C2A01C48738200F1F71C /* WXApiObject.h */ = {isa = PBXFileReference; fileEncoding = 4; lastKnownFileType = sourcecode.c.h; path = WXApiObject.h; sourceTree = "<group>"; };
		7A73C2A21C48CDB100F1F71C /* Images.xcassets */ = {isa = PBXFileReference; lastKnownFileType = folder.assetcatalog; path = Images.xcassets; sourceTree = "<group>"; };
		7A73C2A41C48CE0600F1F71C /* Images-2.xcassets */ = {isa = PBXFileReference; lastKnownFileType = folder.assetcatalog; path = "Images-2.xcassets"; sourceTree = "<group>"; };
		7A73C2A61C48E90F00F1F71C /* BmobSDK.framework */ = {isa = PBXFileReference; lastKnownFileType = wrapper.framework; path = BmobSDK.framework; sourceTree = "<group>"; };
		7A73C2A81C48E98100F1F71C /* CoreLocation.framework */ = {isa = PBXFileReference; lastKnownFileType = wrapper.framework; name = CoreLocation.framework; path = System/Library/Frameworks/CoreLocation.framework; sourceTree = SDKROOT; };
		7A73C2AA1C48E9A200F1F71C /* MobileCoreServices.framework */ = {isa = PBXFileReference; lastKnownFileType = wrapper.framework; name = MobileCoreServices.framework; path = System/Library/Frameworks/MobileCoreServices.framework; sourceTree = SDKROOT; };
		7A73C2AC1C48E9AA00F1F71C /* CFNetwork.framework */ = {isa = PBXFileReference; lastKnownFileType = wrapper.framework; name = CFNetwork.framework; path = System/Library/Frameworks/CFNetwork.framework; sourceTree = SDKROOT; };
		7A73C2AE1C48E9BE00F1F71C /* libz.1.2.5.tbd */ = {isa = PBXFileReference; lastKnownFileType = "sourcecode.text-based-dylib-definition"; name = libz.1.2.5.tbd; path = usr/lib/libz.1.2.5.tbd; sourceTree = SDKROOT; };
		7A73C2B01C48E9D400F1F71C /* libicucore.tbd */ = {isa = PBXFileReference; lastKnownFileType = "sourcecode.text-based-dylib-definition"; name = libicucore.tbd; path = usr/lib/libicucore.tbd; sourceTree = SDKROOT; };
		7A73C2B21C48E9DF00F1F71C /* AVFoundation.framework */ = {isa = PBXFileReference; lastKnownFileType = wrapper.framework; name = AVFoundation.framework; path = System/Library/Frameworks/AVFoundation.framework; sourceTree = SDKROOT; };
		7A73C2B41C48E9F100F1F71C /* MediaPlayer.framework */ = {isa = PBXFileReference; lastKnownFileType = wrapper.framework; name = MediaPlayer.framework; path = System/Library/Frameworks/MediaPlayer.framework; sourceTree = SDKROOT; };
		7A73C2C31C48F25E00F1F71C /* LoginViewController.h */ = {isa = PBXFileReference; fileEncoding = 4; lastKnownFileType = sourcecode.c.h; path = LoginViewController.h; sourceTree = "<group>"; };
		7A73C2C41C48F25E00F1F71C /* LoginViewController.m */ = {isa = PBXFileReference; fileEncoding = 4; lastKnownFileType = sourcecode.c.objc; path = LoginViewController.m; sourceTree = "<group>"; };
		7A73C2C61C48F32E00F1F71C /* LoginStoryboard.storyboard */ = {isa = PBXFileReference; fileEncoding = 4; lastKnownFileType = file.storyboard; path = LoginStoryboard.storyboard; sourceTree = "<group>"; };
		7A7DD9E71C3CAE39002E8B7B /* Prefix.pch */ = {isa = PBXFileReference; fileEncoding = 4; lastKnownFileType = sourcecode.c.h; path = Prefix.pch; sourceTree = "<group>"; };
		7A7DD9E81C3CB30B002E8B7B /* ZWDefine.h */ = {isa = PBXFileReference; fileEncoding = 4; lastKnownFileType = sourcecode.c.h; path = ZWDefine.h; sourceTree = "<group>"; };
		7A7DD9E91C3CBC44002E8B7B /* SelectCityViewController.h */ = {isa = PBXFileReference; fileEncoding = 4; lastKnownFileType = sourcecode.c.h; path = SelectCityViewController.h; sourceTree = "<group>"; };
		7A7DD9EA1C3CBC44002E8B7B /* SelectCityViewController.m */ = {isa = PBXFileReference; fileEncoding = 4; lastKnownFileType = sourcecode.c.objc; path = SelectCityViewController.m; sourceTree = "<group>"; };
		7A7DD9EC1C3CBDA0002E8B7B /* SearchViewController.h */ = {isa = PBXFileReference; fileEncoding = 4; lastKnownFileType = sourcecode.c.h; path = SearchViewController.h; sourceTree = "<group>"; };
		7A7DD9ED1C3CBDA0002E8B7B /* SearchViewController.m */ = {isa = PBXFileReference; fileEncoding = 4; lastKnownFileType = sourcecode.c.objc; path = SearchViewController.m; sourceTree = "<group>"; };
		7A7DD9EF1C3CBE71002E8B7B /* ActivityViewController.h */ = {isa = PBXFileReference; fileEncoding = 4; lastKnownFileType = sourcecode.c.h; path = ActivityViewController.h; sourceTree = "<group>"; };
		7A7DD9F01C3CBE71002E8B7B /* ActivityViewController.m */ = {isa = PBXFileReference; fileEncoding = 4; lastKnownFileType = sourcecode.c.objc; path = ActivityViewController.m; sourceTree = "<group>"; };
		7A7DD9F21C3CBF53002E8B7B /* ThemeViewController.h */ = {isa = PBXFileReference; fileEncoding = 4; lastKnownFileType = sourcecode.c.h; path = ThemeViewController.h; sourceTree = "<group>"; };
		7A7DD9F31C3CBF53002E8B7B /* ThemeViewController.m */ = {isa = PBXFileReference; fileEncoding = 4; lastKnownFileType = sourcecode.c.objc; path = ThemeViewController.m; sourceTree = "<group>"; };
		7A7DD9F51C3CBFE9002E8B7B /* ClassifyViewController.h */ = {isa = PBXFileReference; fileEncoding = 4; lastKnownFileType = sourcecode.c.h; path = ClassifyViewController.h; sourceTree = "<group>"; };
		7A7DD9F61C3CBFE9002E8B7B /* ClassifyViewController.m */ = {isa = PBXFileReference; fileEncoding = 4; lastKnownFileType = sourcecode.c.objc; path = ClassifyViewController.m; sourceTree = "<group>"; };
		7A7DD9F81C3CC086002E8B7B /* doodActivityViewController.h */ = {isa = PBXFileReference; fileEncoding = 4; lastKnownFileType = sourcecode.c.h; path = doodActivityViewController.h; sourceTree = "<group>"; };
		7A7DD9F91C3CC086002E8B7B /* doodActivityViewController.m */ = {isa = PBXFileReference; fileEncoding = 4; lastKnownFileType = sourcecode.c.objc; path = doodActivityViewController.m; sourceTree = "<group>"; };
		7A7DD9FB1C3CC098002E8B7B /* CodeActivityViewController.h */ = {isa = PBXFileReference; fileEncoding = 4; lastKnownFileType = sourcecode.c.h; path = CodeActivityViewController.h; sourceTree = "<group>"; };
		7A7DD9FC1C3CC098002E8B7B /* CodeActivityViewController.m */ = {isa = PBXFileReference; fileEncoding = 4; lastKnownFileType = sourcecode.c.objc; path = CodeActivityViewController.m; sourceTree = "<group>"; };
		7ABAB10B1C3D207500788211 /* UIViewController+Comment.h */ = {isa = PBXFileReference; fileEncoding = 4; lastKnownFileType = sourcecode.c.h; path = "UIViewController+Comment.h"; sourceTree = "<group>"; };
		7ABAB10C1C3D207500788211 /* UIViewController+Comment.m */ = {isa = PBXFileReference; fileEncoding = 4; lastKnownFileType = sourcecode.c.objc; path = "UIViewController+Comment.m"; sourceTree = "<group>"; };
		7AE08ACF1C3E4C6C000CEA0B /* HWTools.h */ = {isa = PBXFileReference; fileEncoding = 4; lastKnownFileType = sourcecode.c.h; path = HWTools.h; sourceTree = "<group>"; };
		7AE08AD01C3E4C6C000CEA0B /* HWTools.m */ = {isa = PBXFileReference; fileEncoding = 4; lastKnownFileType = sourcecode.c.objc; path = HWTools.m; sourceTree = "<group>"; };
		7AE08AD21C3E5B0F000CEA0B /* UIView+Extension.h */ = {isa = PBXFileReference; fileEncoding = 4; lastKnownFileType = sourcecode.c.h; path = "UIView+Extension.h"; sourceTree = "<group>"; };
		7AE08AD31C3E5B0F000CEA0B /* UIView+Extension.m */ = {isa = PBXFileReference; fileEncoding = 4; lastKnownFileType = sourcecode.c.objc; path = "UIView+Extension.m"; sourceTree = "<group>"; };
		7AE40E281C3F5EE400094E59 /* ThemeView.h */ = {isa = PBXFileReference; fileEncoding = 4; lastKnownFileType = sourcecode.c.h; path = ThemeView.h; sourceTree = "<group>"; };
		7AE40E291C3F5EE400094E59 /* ThemeView.m */ = {isa = PBXFileReference; fileEncoding = 4; lastKnownFileType = sourcecode.c.objc; path = ThemeView.m; sourceTree = "<group>"; };
		7AE40E2B1C3F67C700094E59 /* Theme.plist */ = {isa = PBXFileReference; fileEncoding = 4; lastKnownFileType = text.plist.xml; path = Theme.plist; sourceTree = "<group>"; };
		7AF14AB61C3B6B090083C73C /* btn_search.png */ = {isa = PBXFileReference; lastKnownFileType = image.png; path = btn_search.png; sourceTree = "<group>"; };
		7AF14AB81C3B9D670083C73C /* city */ = {isa = PBXFileReference; fileEncoding = 4; lastKnownFileType = text; path = city; sourceTree = "<group>"; };
		7AF14ABA1C3BA0710083C73C /* MainModel.h */ = {isa = PBXFileReference; fileEncoding = 4; lastKnownFileType = sourcecode.c.h; path = MainModel.h; sourceTree = "<group>"; };
		7AF14ABB1C3BA0710083C73C /* MainModel.m */ = {isa = PBXFileReference; fileEncoding = 4; lastKnownFileType = sourcecode.c.objc; path = MainModel.m; sourceTree = "<group>"; };
		7AF570401C3A1C3C004184E8 /* 走起WeakDay.app */ = {isa = PBXFileReference; explicitFileType = wrapper.application; includeInIndex = 0; path = "走起WeakDay.app"; sourceTree = BUILT_PRODUCTS_DIR; };
		7AF570441C3A1C3C004184E8 /* main.m */ = {isa = PBXFileReference; lastKnownFileType = sourcecode.c.objc; path = main.m; sourceTree = "<group>"; };
		7AF570461C3A1C3C004184E8 /* AppDelegate.h */ = {isa = PBXFileReference; lastKnownFileType = sourcecode.c.h; path = AppDelegate.h; sourceTree = "<group>"; };
		7AF570471C3A1C3C004184E8 /* AppDelegate.m */ = {isa = PBXFileReference; lastKnownFileType = sourcecode.c.objc; path = AppDelegate.m; sourceTree = "<group>"; };
		7AF570491C3A1C3C004184E8 /* Assets.xcassets */ = {isa = PBXFileReference; lastKnownFileType = folder.assetcatalog; path = Assets.xcassets; sourceTree = "<group>"; };
		7AF5704C1C3A1C3C004184E8 /* Base */ = {isa = PBXFileReference; lastKnownFileType = file.storyboard; name = Base; path = Base.lproj/LaunchScreen.storyboard; sourceTree = "<group>"; };
		7AF5704E1C3A1C3C004184E8 /* Info.plist */ = {isa = PBXFileReference; lastKnownFileType = text.plist.xml; path = Info.plist; sourceTree = "<group>"; };
		7AF570831C3A5CDE004184E8 /* DiscoverViewController.h */ = {isa = PBXFileReference; fileEncoding = 4; lastKnownFileType = sourcecode.c.h; path = DiscoverViewController.h; sourceTree = "<group>"; };
		7AF570841C3A5CDE004184E8 /* DiscoverViewController.m */ = {isa = PBXFileReference; fileEncoding = 4; lastKnownFileType = sourcecode.c.objc; path = DiscoverViewController.m; sourceTree = "<group>"; };
		7AF570891C3A5CDE004184E8 /* MainViewController.h */ = {isa = PBXFileReference; fileEncoding = 4; lastKnownFileType = sourcecode.c.h; path = MainViewController.h; sourceTree = "<group>"; };
		7AF5708A1C3A5CDE004184E8 /* MainViewController.m */ = {isa = PBXFileReference; fileEncoding = 4; lastKnownFileType = sourcecode.c.objc; path = MainViewController.m; sourceTree = "<group>"; };
		7AF5708F1C3A5CDE004184E8 /* MineViewController.h */ = {isa = PBXFileReference; fileEncoding = 4; lastKnownFileType = sourcecode.c.h; path = MineViewController.h; sourceTree = "<group>"; };
		7AF570901C3A5CDE004184E8 /* MineViewController.m */ = {isa = PBXFileReference; fileEncoding = 4; lastKnownFileType = sourcecode.c.objc; path = MineViewController.m; sourceTree = "<group>"; };
		7AF570941C3A5D1E004184E8 /* Discover.storyboard */ = {isa = PBXFileReference; fileEncoding = 4; lastKnownFileType = file.storyboard; path = Discover.storyboard; sourceTree = "<group>"; };
		7AF570961C3A5D3F004184E8 /* Main.storyboard */ = {isa = PBXFileReference; fileEncoding = 4; lastKnownFileType = file.storyboard; path = Main.storyboard; sourceTree = "<group>"; };
		7AF570981C3A5D8C004184E8 /* Mine.storyboard */ = {isa = PBXFileReference; fileEncoding = 4; lastKnownFileType = file.storyboard; path = Mine.storyboard; sourceTree = "<group>"; };
		7AF570A61C3A7676004184E8 /* MainTableViewCell.h */ = {isa = PBXFileReference; fileEncoding = 4; lastKnownFileType = sourcecode.c.h; name = MainTableViewCell.h; path = ../ViewController/MainTableViewCell.h; sourceTree = "<group>"; };
		7AF570A71C3A7676004184E8 /* MainTableViewCell.m */ = {isa = PBXFileReference; fileEncoding = 4; lastKnownFileType = sourcecode.c.objc; name = MainTableViewCell.m; path = ../ViewController/MainTableViewCell.m; sourceTree = "<group>"; };
		7AF570A81C3A7676004184E8 /* MainTableViewCell.xib */ = {isa = PBXFileReference; fileEncoding = 4; lastKnownFileType = file.xib; path = MainTableViewCell.xib; sourceTree = "<group>"; };
		7AF63D211C4351FC00734778 /* hotActivityModel.h */ = {isa = PBXFileReference; fileEncoding = 4; lastKnownFileType = sourcecode.c.h; path = hotActivityModel.h; sourceTree = "<group>"; };
		7AF63D221C4351FC00734778 /* hotActivityModel.m */ = {isa = PBXFileReference; fileEncoding = 4; lastKnownFileType = sourcecode.c.objc; path = hotActivityModel.m; sourceTree = "<group>"; };
		7AF63D241C43543200734778 /* hotTableViewCell.h */ = {isa = PBXFileReference; fileEncoding = 4; lastKnownFileType = sourcecode.c.h; path = hotTableViewCell.h; sourceTree = "<group>"; };
		7AF63D251C43543200734778 /* hotTableViewCell.m */ = {isa = PBXFileReference; fileEncoding = 4; lastKnownFileType = sourcecode.c.objc; path = hotTableViewCell.m; sourceTree = "<group>"; };
		7AF63D261C43543200734778 /* hotTableViewCell.xib */ = {isa = PBXFileReference; fileEncoding = 4; lastKnownFileType = file.xib; path = hotTableViewCell.xib; sourceTree = "<group>"; };
		7AF63D291C4355A300734778 /* hot.plist */ = {isa = PBXFileReference; fileEncoding = 4; lastKnownFileType = text.plist.xml; path = hot.plist; sourceTree = "<group>"; };
		7AF63D2C1C43913400734778 /* VOContentLayer.h */ = {isa = PBXFileReference; fileEncoding = 4; lastKnownFileType = sourcecode.c.h; path = VOContentLayer.h; sourceTree = "<group>"; };
		7AF63D2D1C43913400734778 /* VOContentLayer.m */ = {isa = PBXFileReference; fileEncoding = 4; lastKnownFileType = sourcecode.c.objc; path = VOContentLayer.m; sourceTree = "<group>"; };
		7AF63D2E1C43913400734778 /* VOIndicatorAnimation.h */ = {isa = PBXFileReference; fileEncoding = 4; lastKnownFileType = sourcecode.c.h; path = VOIndicatorAnimation.h; sourceTree = "<group>"; };
		7AF63D2F1C43913400734778 /* VOIndicatorAnimation.m */ = {isa = PBXFileReference; fileEncoding = 4; lastKnownFileType = sourcecode.c.objc; path = VOIndicatorAnimation.m; sourceTree = "<group>"; };
		7AF63D301C43913400734778 /* VOSegment.h */ = {isa = PBXFileReference; fileEncoding = 4; lastKnownFileType = sourcecode.c.h; path = VOSegment.h; sourceTree = "<group>"; };
		7AF63D311C43913400734778 /* VOSegment.m */ = {isa = PBXFileReference; fileEncoding = 4; lastKnownFileType = sourcecode.c.objc; path = VOSegment.m; sourceTree = "<group>"; };
		7AF63D321C43913400734778 /* VOSegmentedControl.h */ = {isa = PBXFileReference; fileEncoding = 4; lastKnownFileType = sourcecode.c.h; path = VOSegmentedControl.h; sourceTree = "<group>"; };
		7AF63D331C43913400734778 /* VOSegmentedControl.m */ = {isa = PBXFileReference; fileEncoding = 4; lastKnownFileType = sourcecode.c.objc; path = VOSegmentedControl.m; sourceTree = "<group>"; };
		7AF63D381C43A7F400734778 /* typeid6.plist */ = {isa = PBXFileReference; lastKnownFileType = text.plist; path = typeid6.plist; sourceTree = "<group>"; };
		7AF63D391C43A7F400734778 /* typeid22.plist */ = {isa = PBXFileReference; lastKnownFileType = text.plist; path = typeid22.plist; sourceTree = "<group>"; };
		7AF63D3A1C43A7F400734778 /* typeid23.plist */ = {isa = PBXFileReference; lastKnownFileType = text.plist; path = typeid23.plist; sourceTree = "<group>"; };
		7AF63D3B1C43A7F400734778 /* typeud21.plist */ = {isa = PBXFileReference; lastKnownFileType = text.plist; path = typeud21.plist; sourceTree = "<group>"; };
		7AF84C4A1C462BF60074170A /* MessageUI.framework */ = {isa = PBXFileReference; lastKnownFileType = wrapper.framework; name = MessageUI.framework; path = System/Library/Frameworks/MessageUI.framework; sourceTree = SDKROOT; };
		7AF84C4D1C464FD10074170A /* libWeiboSDK.a */ = {isa = PBXFileReference; lastKnownFileType = archive.ar; path = libWeiboSDK.a; sourceTree = "<group>"; };
		7AF84C4E1C464FD10074170A /* WBHttpRequest+WeiboGame.h */ = {isa = PBXFileReference; fileEncoding = 4; lastKnownFileType = sourcecode.c.h; path = "WBHttpRequest+WeiboGame.h"; sourceTree = "<group>"; };
		7AF84C4F1C464FD10074170A /* WBHttpRequest+WeiboShare.h */ = {isa = PBXFileReference; fileEncoding = 4; lastKnownFileType = sourcecode.c.h; path = "WBHttpRequest+WeiboShare.h"; sourceTree = "<group>"; };
		7AF84C501C464FD10074170A /* WBHttpRequest+WeiboToken.h */ = {isa = PBXFileReference; fileEncoding = 4; lastKnownFileType = sourcecode.c.h; path = "WBHttpRequest+WeiboToken.h"; sourceTree = "<group>"; };
		7AF84C511C464FD10074170A /* WBHttpRequest+WeiboUser.h */ = {isa = PBXFileReference; fileEncoding = 4; lastKnownFileType = sourcecode.c.h; path = "WBHttpRequest+WeiboUser.h"; sourceTree = "<group>"; };
		7AF84C521C464FD10074170A /* WBHttpRequest.h */ = {isa = PBXFileReference; fileEncoding = 4; lastKnownFileType = sourcecode.c.h; path = WBHttpRequest.h; sourceTree = "<group>"; };
		7AF84C531C464FD10074170A /* WBSDKBasicButton.h */ = {isa = PBXFileReference; fileEncoding = 4; lastKnownFileType = sourcecode.c.h; path = WBSDKBasicButton.h; sourceTree = "<group>"; };
		7AF84C541C464FD10074170A /* WBSDKCommentButton.h */ = {isa = PBXFileReference; fileEncoding = 4; lastKnownFileType = sourcecode.c.h; path = WBSDKCommentButton.h; sourceTree = "<group>"; };
		7AF84C551C464FD10074170A /* WBSDKRelationshipButton.h */ = {isa = PBXFileReference; fileEncoding = 4; lastKnownFileType = sourcecode.c.h; path = WBSDKRelationshipButton.h; sourceTree = "<group>"; };
		7AF84C561C464FD10074170A /* WeiboSDK.bundle */ = {isa = PBXFileReference; lastKnownFileType = "wrapper.plug-in"; path = WeiboSDK.bundle; sourceTree = "<group>"; };
		7AF84C571C464FD10074170A /* WeiboSDK.h */ = {isa = PBXFileReference; fileEncoding = 4; lastKnownFileType = sourcecode.c.h; path = WeiboSDK.h; sourceTree = "<group>"; };
		7AF84C581C464FD10074170A /* WeiboUser.h */ = {isa = PBXFileReference; fileEncoding = 4; lastKnownFileType = sourcecode.c.h; path = WeiboUser.h; sourceTree = "<group>"; };
		7AF84C5B1C46505D0074170A /* QuartzCore.framework */ = {isa = PBXFileReference; lastKnownFileType = wrapper.framework; name = QuartzCore.framework; path = System/Library/Frameworks/QuartzCore.framework; sourceTree = SDKROOT; };
		7AF84C5D1C46506A0074170A /* ImageIO.framework */ = {isa = PBXFileReference; lastKnownFileType = wrapper.framework; name = ImageIO.framework; path = System/Library/Frameworks/ImageIO.framework; sourceTree = SDKROOT; };
		7AF84C5F1C46507E0074170A /* SystemConfiguration.framework */ = {isa = PBXFileReference; lastKnownFileType = wrapper.framework; name = SystemConfiguration.framework; path = System/Library/Frameworks/SystemConfiguration.framework; sourceTree = SDKROOT; };
		7AF84C611C46508D0074170A /* CoreTelephony.framework */ = {isa = PBXFileReference; lastKnownFileType = wrapper.framework; name = CoreTelephony.framework; path = System/Library/Frameworks/CoreTelephony.framework; sourceTree = SDKROOT; };
		7AF84C631C46509A0074170A /* CoreText.framework */ = {isa = PBXFileReference; lastKnownFileType = wrapper.framework; name = CoreText.framework; path = System/Library/Frameworks/CoreText.framework; sourceTree = SDKROOT; };
		7AF84C651C4650A50074170A /* UIKit.framework */ = {isa = PBXFileReference; lastKnownFileType = wrapper.framework; name = UIKit.framework; path = System/Library/Frameworks/UIKit.framework; sourceTree = SDKROOT; };
		7AF84C671C4650B10074170A /* Foundation.framework */ = {isa = PBXFileReference; lastKnownFileType = wrapper.framework; name = Foundation.framework; path = System/Library/Frameworks/Foundation.framework; sourceTree = SDKROOT; };
		7AF84C691C4650BD0074170A /* CoreGraphics.framework */ = {isa = PBXFileReference; lastKnownFileType = wrapper.framework; name = CoreGraphics.framework; path = System/Library/Frameworks/CoreGraphics.framework; sourceTree = SDKROOT; };
		7AF84C6B1C4650D30074170A /* libz.tbd */ = {isa = PBXFileReference; lastKnownFileType = "sourcecode.text-based-dylib-definition"; name = libz.tbd; path = usr/lib/libz.tbd; sourceTree = SDKROOT; };
		7AF84C6D1C4650E30074170A /* libsqlite3.tbd */ = {isa = PBXFileReference; lastKnownFileType = "sourcecode.text-based-dylib-definition"; name = libsqlite3.tbd; path = usr/lib/libsqlite3.tbd; sourceTree = SDKROOT; };
		7AF84C6F1C4650F50074170A /* Security.framework */ = {isa = PBXFileReference; lastKnownFileType = wrapper.framework; name = Security.framework; path = System/Library/Frameworks/Security.framework; sourceTree = SDKROOT; };
		DAC12700EB4CB82C9575F607 /* libPods.a */ = {isa = PBXFileReference; explicitFileType = archive.ar; includeInIndex = 0; path = libPods.a; sourceTree = BUILT_PRODUCTS_DIR; };
		FE48BF7BD561909F39DC4BF6 /* Pods.release.xcconfig */ = {isa = PBXFileReference; includeInIndex = 1; lastKnownFileType = text.xcconfig; name = Pods.release.xcconfig; path = "Pods/Target Support Files/Pods/Pods.release.xcconfig"; sourceTree = "<group>"; };
/* End PBXFileReference section */

/* Begin PBXFrameworksBuildPhase section */
		7AF5703D1C3A1C3C004184E8 /* Frameworks */ = {
			isa = PBXFrameworksBuildPhase;
			buildActionMask = 2147483647;
			files = (
				7A73C2A91C48E98100F1F71C /* CoreLocation.framework in Frameworks */,
				7A73C2B51C48E9F100F1F71C /* MediaPlayer.framework in Frameworks */,
				7A73C2B31C48E9DF00F1F71C /* AVFoundation.framework in Frameworks */,
				7A0C59B71C5EF20900649639 /* libWeChatSDK.a in Frameworks */,
				7A73C2B11C48E9D400F1F71C /* libicucore.tbd in Frameworks */,
				7A73C2AF1C48E9BE00F1F71C /* libz.1.2.5.tbd in Frameworks */,
				7A73C2AD1C48E9AA00F1F71C /* CFNetwork.framework in Frameworks */,
				7A73C2AB1C48E9A200F1F71C /* MobileCoreServices.framework in Frameworks */,
				7AF84C6A1C4650BD0074170A /* CoreGraphics.framework in Frameworks */,
				7AF84C701C4650F50074170A /* Security.framework in Frameworks */,
				7AF84C6E1C4650E30074170A /* libsqlite3.tbd in Frameworks */,
				7AF84C6C1C4650D30074170A /* libz.tbd in Frameworks */,
				7AF84C681C4650B10074170A /* Foundation.framework in Frameworks */,
				7AF84C661C4650A50074170A /* UIKit.framework in Frameworks */,
				7AF84C641C46509A0074170A /* CoreText.framework in Frameworks */,
				7AF84C621C46508D0074170A /* CoreTelephony.framework in Frameworks */,
				7AF84C601C46507E0074170A /* SystemConfiguration.framework in Frameworks */,
				7AF84C5E1C46506A0074170A /* ImageIO.framework in Frameworks */,
				7AF84C5C1C46505E0074170A /* QuartzCore.framework in Frameworks */,
				7A0C59BD1C5EF29500649639 /* libWeChatSDK.a in Frameworks */,
				7AF84C4B1C462BF60074170A /* MessageUI.framework in Frameworks */,
				7AF84C591C464FD10074170A /* libWeiboSDK.a in Frameworks */,
				8B953F8698230DD898A1E150 /* libPods.a in Frameworks */,
				7A73C2A11C48738200F1F71C /* libWeChatSDK.a in Frameworks */,
				7A73C2A71C48E90F00F1F71C /* BmobSDK.framework in Frameworks */,
			);
			runOnlyForDeploymentPostprocessing = 0;
		};
/* End PBXFrameworksBuildPhase section */

/* Begin PBXGroup section */
		2C50D9706BAF8C8C5B2B4F78 /* Frameworks */ = {
			isa = PBXGroup;
			children = (
				7A73C2B41C48E9F100F1F71C /* MediaPlayer.framework */,
				7A73C2B21C48E9DF00F1F71C /* AVFoundation.framework */,
				7A73C2B01C48E9D400F1F71C /* libicucore.tbd */,
				7A73C2AE1C48E9BE00F1F71C /* libz.1.2.5.tbd */,
				7A73C2AC1C48E9AA00F1F71C /* CFNetwork.framework */,
				7A73C2AA1C48E9A200F1F71C /* MobileCoreServices.framework */,
				7A73C2A81C48E98100F1F71C /* CoreLocation.framework */,
				7A73C2A61C48E90F00F1F71C /* BmobSDK.framework */,
				7AF84C6F1C4650F50074170A /* Security.framework */,
				7AF84C6D1C4650E30074170A /* libsqlite3.tbd */,
				7AF84C6B1C4650D30074170A /* libz.tbd */,
				7AF84C691C4650BD0074170A /* CoreGraphics.framework */,
				7AF84C671C4650B10074170A /* Foundation.framework */,
				7AF84C651C4650A50074170A /* UIKit.framework */,
				7AF84C631C46509A0074170A /* CoreText.framework */,
				7AF84C611C46508D0074170A /* CoreTelephony.framework */,
				7AF84C5F1C46507E0074170A /* SystemConfiguration.framework */,
				7AF84C5D1C46506A0074170A /* ImageIO.framework */,
				7AF84C5B1C46505D0074170A /* QuartzCore.framework */,
				7AF84C4A1C462BF60074170A /* MessageUI.framework */,
				DAC12700EB4CB82C9575F607 /* libPods.a */,
			);
			name = Frameworks;
			sourceTree = "<group>";
		};
		7A0C59B21C5EF20900649639 /* WeiXinSDK副本 */ = {
			isa = PBXGroup;
			children = (
				7A0C59B31C5EF20900649639 /* libWeChatSDK.a */,
				7A0C59B41C5EF20900649639 /* WechatAuthSDK.h */,
				7A0C59B51C5EF20900649639 /* WXApi.h */,
				7A0C59B61C5EF20900649639 /* WXApiObject.h */,
			);
			name = "WeiXinSDK副本";
			path = "../pch/WeiXinSDK副本";
			sourceTree = "<group>";
		};
		7A0C59B81C5EF29500649639 /* WeiXinSDK副本 */ = {
			isa = PBXGroup;
			children = (
				7A0C59B91C5EF29500649639 /* libWeChatSDK.a */,
				7A0C59BA1C5EF29500649639 /* WechatAuthSDK.h */,
				7A0C59BB1C5EF29500649639 /* WXApi.h */,
				7A0C59BC1C5EF29500649639 /* WXApiObject.h */,
			);
			name = "WeiXinSDK副本";
			path = "pch/WeiXinSDK副本";
			sourceTree = "<group>";
		};
		7A11DD391C3F9E8000D180E0 /* PullingRefreshTableView */ = {
			isa = PBXGroup;
			children = (
				7A0C59B21C5EF20900649639 /* WeiXinSDK副本 */,
				7A11DD3A1C3F9E8000D180E0 /* blueArrow.png */,
				7A11DD3B1C3F9E8000D180E0 /* blueArrowDown.png */,
				7A11DD3C1C3F9E8000D180E0 /* PullingRefreshTableView.h */,
				7A11DD3D1C3F9E8000D180E0 /* PullingRefreshTableView.m */,
			);
			path = PullingRefreshTableView;
			sourceTree = "<group>";
		};
		7A6100A11C449F0C00D8FFBB /* ProgressHUD */ = {
			isa = PBXGroup;
			children = (
				7A6100A21C449F0C00D8FFBB /* ProgressHUD.bundle */,
				7A6100A31C449F0C00D8FFBB /* ProgressHUD.h */,
				7A6100A41C449F0C00D8FFBB /* ProgressHUD.m */,
			);
			path = ProgressHUD;
			sourceTree = "<group>";
		};
		7A6100DD1C45038A00D8FFBB /* HorizontalView */ = {
			isa = PBXGroup;
			children = (
				7A6100DE1C45038A00D8FFBB /* BaseModel.h */,
				7A6100DF1C45038A00D8FFBB /* BaseModel.m */,
				7A6100E01C45038A00D8FFBB /* BaseTableViewCell.h */,
				7A6100E11C45038A00D8FFBB /* BaseTableViewCell.m */,
				7A6100E21C45038A00D8FFBB /* CategoryModel.h */,
				7A6100E31C45038A00D8FFBB /* CategoryModel.m */,
				7A6100E41C45038A00D8FFBB /* CollectModel.h */,
				7A6100E51C45038A00D8FFBB /* CollectModel.m */,
				7A6100E61C45038A00D8FFBB /* HorizonScrollTableView.h */,
				7A6100E71C45038A00D8FFBB /* HorizonScrollTableView.m */,
				7A6100E81C45038A00D8FFBB /* HorizontalScrollCell.h */,
				7A6100E91C45038A00D8FFBB /* HorizontalScrollCell.m */,
				7A6100EA1C45038A00D8FFBB /* HorizontalScrollCellDeleagte.h */,
				7A6100EB1C45038A00D8FFBB /* HorzonItemCell.h */,
				7A6100EC1C45038A00D8FFBB /* HorzonItemCell.m */,
				7A6100ED1C45038A00D8FFBB /* UIView+ViewConstraint.h */,
				7A6100EE1C45038A00D8FFBB /* UIView+ViewConstraint.m */,
			);
			path = HorizontalView;
			sourceTree = "<group>";
		};
		7A73C29C1C48738200F1F71C /* SDKExport */ = {
			isa = PBXGroup;
			children = (
				7A73C29D1C48738200F1F71C /* libWeChatSDK.a */,
				7A73C29E1C48738200F1F71C /* WechatAuthSDK.h */,
				7A73C29F1C48738200F1F71C /* WXApi.h */,
				7A73C2A01C48738200F1F71C /* WXApiObject.h */,
			);
			path = SDKExport;
			sourceTree = "<group>";
		};
		7A73C2B61C48ED2D00F1F71C /* login */ = {
			isa = PBXGroup;
			children = (
				7A73C2B71C48ED2D00F1F71C /* controller */,
				7A73C2B81C48ED2D00F1F71C /* model */,
				7A73C2B91C48ED2D00F1F71C /* view */,
			);
			path = login;
			sourceTree = "<group>";
		};
		7A73C2B71C48ED2D00F1F71C /* controller */ = {
			isa = PBXGroup;
			children = (
				7A73C2C31C48F25E00F1F71C /* LoginViewController.h */,
				7A73C2C41C48F25E00F1F71C /* LoginViewController.m */,
			);
			path = controller;
			sourceTree = "<group>";
		};
		7A73C2B81C48ED2D00F1F71C /* model */ = {
			isa = PBXGroup;
			children = (
			);
			path = model;
			sourceTree = "<group>";
		};
		7A73C2B91C48ED2D00F1F71C /* view */ = {
			isa = PBXGroup;
			children = (
				7A73C2C61C48F32E00F1F71C /* LoginStoryboard.storyboard */,
			);
			path = view;
			sourceTree = "<group>";
		};
		7A7DD9E61C3CAE39002E8B7B /* pch */ = {
			isa = PBXGroup;
			children = (
				7A7DD9E71C3CAE39002E8B7B /* Prefix.pch */,
				7A7DD9E81C3CB30B002E8B7B /* ZWDefine.h */,
				7ABAB10B1C3D207500788211 /* UIViewController+Comment.h */,
				7ABAB10C1C3D207500788211 /* UIViewController+Comment.m */,
				7AE08ACF1C3E4C6C000CEA0B /* HWTools.h */,
				7AE08AD01C3E4C6C000CEA0B /* HWTools.m */,
				7AE08AD21C3E5B0F000CEA0B /* UIView+Extension.h */,
				7AE08AD31C3E5B0F000CEA0B /* UIView+Extension.m */,
				7A57A9081C4738060036F630 /* ShareView.h */,
				7A57A9091C4738060036F630 /* ShareView.m */,
				7A57A90B1C474E000036F630 /* shareViewController.h */,
				7A57A90C1C474E000036F630 /* shareViewController.m */,
			);
			path = pch;
			sourceTree = "<group>";
		};
		7AF570371C3A1C3C004184E8 = {
			isa = PBXGroup;
			children = (
				7AF570421C3A1C3C004184E8 /* 走起WeakDay */,
				7AF570411C3A1C3C004184E8 /* Products */,
				EB7714C8D7A4B410A2C4C225 /* Pods */,
				2C50D9706BAF8C8C5B2B4F78 /* Frameworks */,
			);
			sourceTree = "<group>";
		};
		7AF570411C3A1C3C004184E8 /* Products */ = {
			isa = PBXGroup;
			children = (
				7AF570401C3A1C3C004184E8 /* 走起WeakDay.app */,
			);
			name = Products;
			sourceTree = "<group>";
		};
		7AF570421C3A1C3C004184E8 /* 走起WeakDay */ = {
			isa = PBXGroup;
			children = (
				7AF5707E1C3A5CDE004184E8 /* Classes */,
				7AF570741C3A5C37004184E8 /* Resource */,
				7AF570731C3A5C2C004184E8 /* Libarary */,
				7AF570461C3A1C3C004184E8 /* AppDelegate.h */,
				7AF570471C3A1C3C004184E8 /* AppDelegate.m */,
				7AF570491C3A1C3C004184E8 /* Assets.xcassets */,
				7AF5704B1C3A1C3C004184E8 /* LaunchScreen.storyboard */,
				7AF5704E1C3A1C3C004184E8 /* Info.plist */,
				7A73C2A21C48CDB100F1F71C /* Images.xcassets */,
				7A73C2A41C48CE0600F1F71C /* Images-2.xcassets */,
				7AF570431C3A1C3C004184E8 /* Supporting Files */,
			);
			path = "走起WeakDay";
			sourceTree = "<group>";
		};
		7AF570431C3A1C3C004184E8 /* Supporting Files */ = {
			isa = PBXGroup;
			children = (
				7AF570441C3A1C3C004184E8 /* main.m */,
			);
			name = "Supporting Files";
			sourceTree = "<group>";
		};
		7AF570731C3A5C2C004184E8 /* Libarary */ = {
			isa = PBXGroup;
			children = (
				7A0C59B81C5EF29500649639 /* WeiXinSDK副本 */,
				7A73C29C1C48738200F1F71C /* SDKExport */,
				7AF84C4C1C464FD10074170A /* libWeiboSDK */,
				7A6100DD1C45038A00D8FFBB /* HorizontalView */,
				7A6100A11C449F0C00D8FFBB /* ProgressHUD */,
				7AF63D2B1C43913400734778 /* VOSegmentedControl */,
				7A11DD391C3F9E8000D180E0 /* PullingRefreshTableView */,
				7A7DD9E61C3CAE39002E8B7B /* pch */,
			);
			path = Libarary;
			sourceTree = "<group>";
		};
		7AF570741C3A5C37004184E8 /* Resource */ = {
			isa = PBXGroup;
			children = (
			);
			path = Resource;
			sourceTree = "<group>";
		};
		7AF5707E1C3A5CDE004184E8 /* Classes */ = {
			isa = PBXGroup;
			children = (
				7A73C2B61C48ED2D00F1F71C /* login */,
				7AF5707F1C3A5CDE004184E8 /* Discover */,
				7AF570851C3A5CDE004184E8 /* Main */,
				7AF5708B1C3A5CDE004184E8 /* Mine */,
			);
			path = Classes;
			sourceTree = "<group>";
		};
		7AF5707F1C3A5CDE004184E8 /* Discover */ = {
			isa = PBXGroup;
			children = (
				7AF570801C3A5CDE004184E8 /* cell */,
				7AF570811C3A5CDE004184E8 /* Model */,
				7AF570821C3A5CDE004184E8 /* ViewController */,
			);
			path = Discover;
			sourceTree = "<group>";
		};
		7AF570801C3A5CDE004184E8 /* cell */ = {
			isa = PBXGroup;
			children = (
				7AF570941C3A5D1E004184E8 /* Discover.storyboard */,
				7A6100A71C44FA6800D8FFBB /* DiscoverTableViewCell.h */,
				7A6100A81C44FA6800D8FFBB /* DiscoverTableViewCell.m */,
				7A6100A91C44FA6800D8FFBB /* DiscoverTableViewCell.xib */,
			);
			path = cell;
			sourceTree = "<group>";
		};
		7AF570811C3A5CDE004184E8 /* Model */ = {
			isa = PBXGroup;
			children = (
				7A6100F71C450F5400D8FFBB /* found.plist */,
				7A6100F91C450FC500D8FFBB /* diccoverModel.h */,
				7A6100FA1C450FC500D8FFBB /* diccoverModel.m */,
			);
			path = Model;
			sourceTree = "<group>";
		};
		7AF570821C3A5CDE004184E8 /* ViewController */ = {
			isa = PBXGroup;
			children = (
				7AF570831C3A5CDE004184E8 /* DiscoverViewController.h */,
				7AF570841C3A5CDE004184E8 /* DiscoverViewController.m */,
			);
			path = ViewController;
			sourceTree = "<group>";
		};
		7AF570851C3A5CDE004184E8 /* Main */ = {
			isa = PBXGroup;
			children = (
				7AF570861C3A5CDE004184E8 /* cell */,
				7AF570871C3A5CDE004184E8 /* Model */,
				7AF570881C3A5CDE004184E8 /* ViewController */,
			);
			path = Main;
			sourceTree = "<group>";
		};
		7AF570861C3A5CDE004184E8 /* cell */ = {
			isa = PBXGroup;
			children = (
				7AF570961C3A5D3F004184E8 /* Main.storyboard */,
				7A5BE76B1C3E10F7008CF120 /* ActivityScrollView.h */,
				7A5BE76C1C3E10F7008CF120 /* ActivityScrollView.m */,
				7AF14AB61C3B6B090083C73C /* btn_search.png */,
				7AF570A61C3A7676004184E8 /* MainTableViewCell.h */,
				7AF570A71C3A7676004184E8 /* MainTableViewCell.m */,
				7AE40E281C3F5EE400094E59 /* ThemeView.h */,
				7AE40E291C3F5EE400094E59 /* ThemeView.m */,
				7A11DD411C3FA3BC00D180E0 /* goodTableViewCell.h */,
				7A11DD421C3FA3BC00D180E0 /* goodTableViewCell.m */,
				7A11DD431C3FA3BC00D180E0 /* goodTableViewCell.xib */,
				7AF63D241C43543200734778 /* hotTableViewCell.h */,
				7AF63D251C43543200734778 /* hotTableViewCell.m */,
				7AF63D261C43543200734778 /* hotTableViewCell.xib */,
			);
			path = cell;
			sourceTree = "<group>";
		};
		7AF570871C3A5CDE004184E8 /* Model */ = {
			isa = PBXGroup;
			children = (
				7AF14ABA1C3BA0710083C73C /* MainModel.h */,
				7AF14ABB1C3BA0710083C73C /* MainModel.m */,
				7A2A2F191C3FBE40004EF082 /* GoogActivityModel.h */,
				7A2A2F1A1C3FBE40004EF082 /* GoogActivityModel.m */,
				7AF63D211C4351FC00734778 /* hotActivityModel.h */,
				7AF63D221C4351FC00734778 /* hotActivityModel.m */,
				7AF14AB81C3B9D670083C73C /* city */,
				7A44FBE51C3D4E9A00A6B687 /* 头文档大点击事件 */,
				7AE40E2B1C3F67C700094E59 /* Theme.plist */,
				7A679A281C3F57E1009913CF /* MainProperty List.plist */,
				7A2A2F151C3FB775004EF082 /* goodActivity.plist */,
				7A2A2F171C3FB84C004EF082 /* good.plist */,
				7AF63D291C4355A300734778 /* hot.plist */,
				7AF63D381C43A7F400734778 /* typeid6.plist */,
				7AF63D391C43A7F400734778 /* typeid22.plist */,
				7AF63D3A1C43A7F400734778 /* typeid23.plist */,
				7AF63D3B1C43A7F400734778 /* typeud21.plist */,
			);
			path = Model;
			sourceTree = "<group>";
		};
		7AF570881C3A5CDE004184E8 /* ViewController */ = {
			isa = PBXGroup;
			children = (
				7AF570891C3A5CDE004184E8 /* MainViewController.h */,
				7AF5708A1C3A5CDE004184E8 /* MainViewController.m */,
				7AF570A81C3A7676004184E8 /* MainTableViewCell.xib */,
				7A7DD9E91C3CBC44002E8B7B /* SelectCityViewController.h */,
				7A7DD9EA1C3CBC44002E8B7B /* SelectCityViewController.m */,
				7A7DD9EC1C3CBDA0002E8B7B /* SearchViewController.h */,
				7A7DD9ED1C3CBDA0002E8B7B /* SearchViewController.m */,
				7A7DD9EF1C3CBE71002E8B7B /* ActivityViewController.h */,
				7A7DD9F01C3CBE71002E8B7B /* ActivityViewController.m */,
				7A7DD9F21C3CBF53002E8B7B /* ThemeViewController.h */,
				7A7DD9F31C3CBF53002E8B7B /* ThemeViewController.m */,
				7A7DD9F51C3CBFE9002E8B7B /* ClassifyViewController.h */,
				7A7DD9F61C3CBFE9002E8B7B /* ClassifyViewController.m */,
				7A7DD9F81C3CC086002E8B7B /* doodActivityViewController.h */,
				7A7DD9F91C3CC086002E8B7B /* doodActivityViewController.m */,
				7A7DD9FB1C3CC098002E8B7B /* CodeActivityViewController.h */,
				7A7DD9FC1C3CC098002E8B7B /* CodeActivityViewController.m */,
			);
			path = ViewController;
			sourceTree = "<group>";
		};
		7AF5708B1C3A5CDE004184E8 /* Mine */ = {
			isa = PBXGroup;
			children = (
				7AF5708C1C3A5CDE004184E8 /* cell */,
				7AF5708D1C3A5CDE004184E8 /* Model */,
				7AF5708E1C3A5CDE004184E8 /* ViewController */,
			);
			path = Mine;
			sourceTree = "<group>";
		};
		7AF5708C1C3A5CDE004184E8 /* cell */ = {
			isa = PBXGroup;
			children = (
				7AF570981C3A5D8C004184E8 /* Mine.storyboard */,
			);
			path = cell;
			sourceTree = "<group>";
		};
		7AF5708D1C3A5CDE004184E8 /* Model */ = {
			isa = PBXGroup;
			children = (
			);
			path = Model;
			sourceTree = "<group>";
		};
		7AF5708E1C3A5CDE004184E8 /* ViewController */ = {
			isa = PBXGroup;
			children = (
				7AF5708F1C3A5CDE004184E8 /* MineViewController.h */,
				7AF570901C3A5CDE004184E8 /* MineViewController.m */,
			);
			path = ViewController;
			sourceTree = "<group>";
		};
		7AF63D2B1C43913400734778 /* VOSegmentedControl */ = {
			isa = PBXGroup;
			children = (
				7AF63D2C1C43913400734778 /* VOContentLayer.h */,
				7AF63D2D1C43913400734778 /* VOContentLayer.m */,
				7AF63D2E1C43913400734778 /* VOIndicatorAnimation.h */,
				7AF63D2F1C43913400734778 /* VOIndicatorAnimation.m */,
				7AF63D301C43913400734778 /* VOSegment.h */,
				7AF63D311C43913400734778 /* VOSegment.m */,
				7AF63D321C43913400734778 /* VOSegmentedControl.h */,
				7AF63D331C43913400734778 /* VOSegmentedControl.m */,
			);
			path = VOSegmentedControl;
			sourceTree = "<group>";
		};
		7AF84C4C1C464FD10074170A /* libWeiboSDK */ = {
			isa = PBXGroup;
			children = (
				7AF84C4D1C464FD10074170A /* libWeiboSDK.a */,
				7AF84C4E1C464FD10074170A /* WBHttpRequest+WeiboGame.h */,
				7AF84C4F1C464FD10074170A /* WBHttpRequest+WeiboShare.h */,
				7AF84C501C464FD10074170A /* WBHttpRequest+WeiboToken.h */,
				7AF84C511C464FD10074170A /* WBHttpRequest+WeiboUser.h */,
				7AF84C521C464FD10074170A /* WBHttpRequest.h */,
				7AF84C531C464FD10074170A /* WBSDKBasicButton.h */,
				7AF84C541C464FD10074170A /* WBSDKCommentButton.h */,
				7AF84C551C464FD10074170A /* WBSDKRelationshipButton.h */,
				7AF84C561C464FD10074170A /* WeiboSDK.bundle */,
				7AF84C571C464FD10074170A /* WeiboSDK.h */,
				7AF84C581C464FD10074170A /* WeiboUser.h */,
			);
			path = libWeiboSDK;
			sourceTree = "<group>";
		};
		EB7714C8D7A4B410A2C4C225 /* Pods */ = {
			isa = PBXGroup;
			children = (
				751FE71B45343CF0D79548D0 /* Pods.debug.xcconfig */,
				FE48BF7BD561909F39DC4BF6 /* Pods.release.xcconfig */,
			);
			name = Pods;
			sourceTree = "<group>";
		};
/* End PBXGroup section */

/* Begin PBXNativeTarget section */
		7AF5703F1C3A1C3C004184E8 /* 走起WeakDay */ = {
			isa = PBXNativeTarget;
			buildConfigurationList = 7AF570511C3A1C3C004184E8 /* Build configuration list for PBXNativeTarget "走起WeakDay" */;
			buildPhases = (
				80A9320504EDFF84E8C27F3C /* Check Pods Manifest.lock */,
				7AF5703C1C3A1C3C004184E8 /* Sources */,
				7AF5703D1C3A1C3C004184E8 /* Frameworks */,
				7AF5703E1C3A1C3C004184E8 /* Resources */,
				3327FB90B110C51906B7AD7D /* Embed Pods Frameworks */,
				0EBD287BC981B13977F02FA0 /* Copy Pods Resources */,
			);
			buildRules = (
			);
			dependencies = (
			);
			name = "走起WeakDay";
			productName = "走起WeakDay";
			productReference = 7AF570401C3A1C3C004184E8 /* 走起WeakDay.app */;
			productType = "com.apple.product-type.application";
		};
/* End PBXNativeTarget section */

/* Begin PBXProject section */
		7AF570381C3A1C3C004184E8 /* Project object */ = {
			isa = PBXProject;
			attributes = {
				LastUpgradeCheck = 0720;
				ORGANIZATIONNAME = "刘海艳";
				TargetAttributes = {
					7AF5703F1C3A1C3C004184E8 = {
						CreatedOnToolsVersion = 7.2;
					};
				};
			};
			buildConfigurationList = 7AF5703B1C3A1C3C004184E8 /* Build configuration list for PBXProject "走起WeakDay" */;
			compatibilityVersion = "Xcode 3.2";
			developmentRegion = English;
			hasScannedForEncodings = 0;
			knownRegions = (
				en,
				Base,
			);
			mainGroup = 7AF570371C3A1C3C004184E8;
			productRefGroup = 7AF570411C3A1C3C004184E8 /* Products */;
			projectDirPath = "";
			projectRoot = "";
			targets = (
				7AF5703F1C3A1C3C004184E8 /* 走起WeakDay */,
			);
		};
/* End PBXProject section */

/* Begin PBXResourcesBuildPhase section */
		7AF5703E1C3A1C3C004184E8 /* Resources */ = {
			isa = PBXResourcesBuildPhase;
			buildActionMask = 2147483647;
			files = (
				7A2A2F161C3FB775004EF082 /* goodActivity.plist in Resources */,
				7AF570AA1C3A7676004184E8 /* MainTableViewCell.xib in Resources */,
				7A73C2A51C48CE0600F1F71C /* Images-2.xcassets in Resources */,
				7A11DD3F1C3F9E8000D180E0 /* blueArrowDown.png in Resources */,
				7AF63D3C1C43A7F400734778 /* typeid6.plist in Resources */,
				7AE40E2C1C3F67C700094E59 /* Theme.plist in Resources */,
				7A73C2C71C48F32E00F1F71C /* LoginStoryboard.storyboard in Resources */,
				7AF5704A1C3A1C3C004184E8 /* Assets.xcassets in Resources */,
				7AF5704D1C3A1C3C004184E8 /* LaunchScreen.storyboard in Resources */,
				7A11DD3E1C3F9E8000D180E0 /* blueArrow.png in Resources */,
				7AF63D3F1C43A7F400734778 /* typeud21.plist in Resources */,
				7A73C2A31C48CDB100F1F71C /* Images.xcassets in Resources */,
				7AF84C5A1C464FD10074170A /* WeiboSDK.bundle in Resources */,
				7A11DD451C3FA3BC00D180E0 /* goodTableViewCell.xib in Resources */,
				7AF63D3E1C43A7F400734778 /* typeid23.plist in Resources */,
				7AF14AB71C3B6B090083C73C /* btn_search.png in Resources */,
				7AF63D281C43543200734778 /* hotTableViewCell.xib in Resources */,
				7A6100F81C450F5400D8FFBB /* found.plist in Resources */,
				7AF63D2A1C4355A300734778 /* hot.plist in Resources */,
				7AF570991C3A5D8C004184E8 /* Mine.storyboard in Resources */,
				7A44FBE61C3D4E9A00A6B687 /* 头文档大点击事件 in Resources */,
				7AF14AB91C3B9D670083C73C /* city in Resources */,
				7AF570951C3A5D1E004184E8 /* Discover.storyboard in Resources */,
				7A6100A51C449F0C00D8FFBB /* ProgressHUD.bundle in Resources */,
				7A2A2F181C3FB84C004EF082 /* good.plist in Resources */,
				7A6100AB1C44FA6800D8FFBB /* DiscoverTableViewCell.xib in Resources */,
				7AF570971C3A5D3F004184E8 /* Main.storyboard in Resources */,
				7A679A291C3F57E1009913CF /* MainProperty List.plist in Resources */,
				7AF63D3D1C43A7F400734778 /* typeid22.plist in Resources */,
			);
			runOnlyForDeploymentPostprocessing = 0;
		};
/* End PBXResourcesBuildPhase section */

/* Begin PBXShellScriptBuildPhase section */
		0EBD287BC981B13977F02FA0 /* Copy Pods Resources */ = {
			isa = PBXShellScriptBuildPhase;
			buildActionMask = 2147483647;
			files = (
			);
			inputPaths = (
			);
			name = "Copy Pods Resources";
			outputPaths = (
			);
			runOnlyForDeploymentPostprocessing = 0;
			shellPath = /bin/sh;
			shellScript = "\"${SRCROOT}/Pods/Target Support Files/Pods/Pods-resources.sh\"\n";
			showEnvVarsInLog = 0;
		};
		3327FB90B110C51906B7AD7D /* Embed Pods Frameworks */ = {
			isa = PBXShellScriptBuildPhase;
			buildActionMask = 2147483647;
			files = (
			);
			inputPaths = (
			);
			name = "Embed Pods Frameworks";
			outputPaths = (
			);
			runOnlyForDeploymentPostprocessing = 0;
			shellPath = /bin/sh;
			shellScript = "\"${SRCROOT}/Pods/Target Support Files/Pods/Pods-frameworks.sh\"\n";
			showEnvVarsInLog = 0;
		};
		80A9320504EDFF84E8C27F3C /* Check Pods Manifest.lock */ = {
			isa = PBXShellScriptBuildPhase;
			buildActionMask = 2147483647;
			files = (
			);
			inputPaths = (
			);
			name = "Check Pods Manifest.lock";
			outputPaths = (
			);
			runOnlyForDeploymentPostprocessing = 0;
			shellPath = /bin/sh;
			shellScript = "diff \"${PODS_ROOT}/../Podfile.lock\" \"${PODS_ROOT}/Manifest.lock\" > /dev/null\nif [[ $? != 0 ]] ; then\n    cat << EOM\nerror: The sandbox is not in sync with the Podfile.lock. Run 'pod install' or update your CocoaPods installation.\nEOM\n    exit 1\nfi\n";
			showEnvVarsInLog = 0;
		};
/* End PBXShellScriptBuildPhase section */

/* Begin PBXSourcesBuildPhase section */
		7AF5703C1C3A1C3C004184E8 /* Sources */ = {
			isa = PBXSourcesBuildPhase;
			buildActionMask = 2147483647;
			files = (
				7A2A2F1B1C3FBE40004EF082 /* GoogActivityModel.m in Sources */,
				7A6100F51C45038A00D8FFBB /* HorzonItemCell.m in Sources */,
				7A6100FB1C450FC500D8FFBB /* diccoverModel.m in Sources */,
				7A57A90D1C474E000036F630 /* shareViewController.m in Sources */,
				7A6100F61C45038A00D8FFBB /* UIView+ViewConstraint.m in Sources */,
				7A6100F11C45038A00D8FFBB /* CategoryModel.m in Sources */,
				7A6100F41C45038A00D8FFBB /* HorizontalScrollCell.m in Sources */,
				7AF63D351C43913400734778 /* VOIndicatorAnimation.m in Sources */,
				7AE08AD41C3E5B10000CEA0B /* UIView+Extension.m in Sources */,
				7AF63D341C43913400734778 /* VOContentLayer.m in Sources */,
				7A11DD441C3FA3BC00D180E0 /* goodTableViewCell.m in Sources */,
				7AF63D361C43913400734778 /* VOSegment.m in Sources */,
				7A6100AA1C44FA6800D8FFBB /* DiscoverTableViewCell.m in Sources */,
				7A57A90A1C4738060036F630 /* ShareView.m in Sources */,
				7A6100F31C45038A00D8FFBB /* HorizonScrollTableView.m in Sources */,
				7AF63D271C43543200734778 /* hotTableViewCell.m in Sources */,
				7AE08AD11C3E4C6C000CEA0B /* HWTools.m in Sources */,
				7A7DD9F71C3CBFE9002E8B7B /* ClassifyViewController.m in Sources */,
				7AF570A91C3A7676004184E8 /* MainTableViewCell.m in Sources */,
				7AF570481C3A1C3C004184E8 /* AppDelegate.m in Sources */,
				7A73C2C51C48F25E00F1F71C /* LoginViewController.m in Sources */,
				7A6100F01C45038A00D8FFBB /* BaseTableViewCell.m in Sources */,
				7AF570911C3A5CDE004184E8 /* DiscoverViewController.m in Sources */,
				7A7DD9FD1C3CC098002E8B7B /* CodeActivityViewController.m in Sources */,
				7AF63D371C43913400734778 /* VOSegmentedControl.m in Sources */,
				7AF570931C3A5CDE004184E8 /* MineViewController.m in Sources */,
				7A5BE76D1C3E10F7008CF120 /* ActivityScrollView.m in Sources */,
				7A7DD9FA1C3CC086002E8B7B /* doodActivityViewController.m in Sources */,
				7A7DD9EE1C3CBDA0002E8B7B /* SearchViewController.m in Sources */,
				7AF570451C3A1C3C004184E8 /* main.m in Sources */,
				7A7DD9F41C3CBF53002E8B7B /* ThemeViewController.m in Sources */,
				7A6100EF1C45038A00D8FFBB /* BaseModel.m in Sources */,
				7A6100F21C45038A00D8FFBB /* CollectModel.m in Sources */,
				7A7DD9EB1C3CBC44002E8B7B /* SelectCityViewController.m in Sources */,
				7A6100A61C449F0C00D8FFBB /* ProgressHUD.m in Sources */,
				7AF570921C3A5CDE004184E8 /* MainViewController.m in Sources */,
				7AE40E2A1C3F5EE400094E59 /* ThemeView.m in Sources */,
				7ABAB10D1C3D207500788211 /* UIViewController+Comment.m in Sources */,
				7AF14ABC1C3BA0710083C73C /* MainModel.m in Sources */,
				7AF63D231C4351FC00734778 /* hotActivityModel.m in Sources */,
				7A11DD401C3F9E8000D180E0 /* PullingRefreshTableView.m in Sources */,
				7A7DD9F11C3CBE71002E8B7B /* ActivityViewController.m in Sources */,
			);
			runOnlyForDeploymentPostprocessing = 0;
		};
/* End PBXSourcesBuildPhase section */

/* Begin PBXVariantGroup section */
		7AF5704B1C3A1C3C004184E8 /* LaunchScreen.storyboard */ = {
			isa = PBXVariantGroup;
			children = (
				7AF5704C1C3A1C3C004184E8 /* Base */,
			);
			name = LaunchScreen.storyboard;
			sourceTree = "<group>";
		};
/* End PBXVariantGroup section */

/* Begin XCBuildConfiguration section */
		7AF5704F1C3A1C3C004184E8 /* Debug */ = {
			isa = XCBuildConfiguration;
			buildSettings = {
				ALWAYS_SEARCH_USER_PATHS = NO;
				CLANG_CXX_LANGUAGE_STANDARD = "gnu++0x";
				CLANG_CXX_LIBRARY = "libc++";
				CLANG_ENABLE_MODULES = YES;
				CLANG_ENABLE_OBJC_ARC = YES;
				CLANG_WARN_BOOL_CONVERSION = YES;
				CLANG_WARN_CONSTANT_CONVERSION = YES;
				CLANG_WARN_DIRECT_OBJC_ISA_USAGE = YES_ERROR;
				CLANG_WARN_EMPTY_BODY = YES;
				CLANG_WARN_ENUM_CONVERSION = YES;
				CLANG_WARN_INT_CONVERSION = YES;
				CLANG_WARN_OBJC_ROOT_CLASS = YES_ERROR;
				CLANG_WARN_UNREACHABLE_CODE = YES;
				CLANG_WARN__DUPLICATE_METHOD_MATCH = YES;
				"CODE_SIGN_IDENTITY[sdk=iphoneos*]" = "iPhone Developer";
				COPY_PHASE_STRIP = NO;
				DEBUG_INFORMATION_FORMAT = dwarf;
				ENABLE_STRICT_OBJC_MSGSEND = YES;
				ENABLE_TESTABILITY = YES;
				GCC_C_LANGUAGE_STANDARD = gnu99;
				GCC_DYNAMIC_NO_PIC = NO;
				GCC_NO_COMMON_BLOCKS = YES;
				GCC_OPTIMIZATION_LEVEL = 0;
				GCC_PREPROCESSOR_DEFINITIONS = (
					"DEBUG=1",
					"$(inherited)",
				);
				GCC_WARN_64_TO_32_BIT_CONVERSION = YES;
				GCC_WARN_ABOUT_RETURN_TYPE = YES_ERROR;
				GCC_WARN_UNDECLARED_SELECTOR = YES;
				GCC_WARN_UNINITIALIZED_AUTOS = YES_AGGRESSIVE;
				GCC_WARN_UNUSED_FUNCTION = YES;
				GCC_WARN_UNUSED_VARIABLE = YES;
				IPHONEOS_DEPLOYMENT_TARGET = 9.2;
				MTL_ENABLE_DEBUG_INFO = YES;
				ONLY_ACTIVE_ARCH = YES;
				SDKROOT = iphoneos;
			};
			name = Debug;
		};
		7AF570501C3A1C3C004184E8 /* Release */ = {
			isa = XCBuildConfiguration;
			buildSettings = {
				ALWAYS_SEARCH_USER_PATHS = NO;
				CLANG_CXX_LANGUAGE_STANDARD = "gnu++0x";
				CLANG_CXX_LIBRARY = "libc++";
				CLANG_ENABLE_MODULES = YES;
				CLANG_ENABLE_OBJC_ARC = YES;
				CLANG_WARN_BOOL_CONVERSION = YES;
				CLANG_WARN_CONSTANT_CONVERSION = YES;
				CLANG_WARN_DIRECT_OBJC_ISA_USAGE = YES_ERROR;
				CLANG_WARN_EMPTY_BODY = YES;
				CLANG_WARN_ENUM_CONVERSION = YES;
				CLANG_WARN_INT_CONVERSION = YES;
				CLANG_WARN_OBJC_ROOT_CLASS = YES_ERROR;
				CLANG_WARN_UNREACHABLE_CODE = YES;
				CLANG_WARN__DUPLICATE_METHOD_MATCH = YES;
				"CODE_SIGN_IDENTITY[sdk=iphoneos*]" = "iPhone Developer";
				COPY_PHASE_STRIP = NO;
				DEBUG_INFORMATION_FORMAT = "dwarf-with-dsym";
				ENABLE_NS_ASSERTIONS = NO;
				ENABLE_STRICT_OBJC_MSGSEND = YES;
				GCC_C_LANGUAGE_STANDARD = gnu99;
				GCC_NO_COMMON_BLOCKS = YES;
				GCC_WARN_64_TO_32_BIT_CONVERSION = YES;
				GCC_WARN_ABOUT_RETURN_TYPE = YES_ERROR;
				GCC_WARN_UNDECLARED_SELECTOR = YES;
				GCC_WARN_UNINITIALIZED_AUTOS = YES_AGGRESSIVE;
				GCC_WARN_UNUSED_FUNCTION = YES;
				GCC_WARN_UNUSED_VARIABLE = YES;
				IPHONEOS_DEPLOYMENT_TARGET = 9.2;
				MTL_ENABLE_DEBUG_INFO = NO;
				SDKROOT = iphoneos;
				VALIDATE_PRODUCT = YES;
			};
			name = Release;
		};
		7AF570521C3A1C3C004184E8 /* Debug */ = {
			isa = XCBuildConfiguration;
			baseConfigurationReference = 751FE71B45343CF0D79548D0 /* Pods.debug.xcconfig */;
			buildSettings = {
				ASSETCATALOG_COMPILER_APPICON_NAME = AppIcon;
				"CODE_SIGN_IDENTITY[sdk=iphoneos*]" = "iPhone Developer";
				FRAMEWORK_SEARCH_PATHS = (
					"$(inherited)",
					"$(PROJECT_DIR)",
				);
				GCC_PRECOMPILE_PREFIX_HEADER = YES;
				GCC_PREFIX_HEADER = "$(SRCROOT)/走起WeakDay/Libarary/pch/Prefix.pch";
				INFOPLIST_FILE = "走起WeakDay/Info.plist";
				IPHONEOS_DEPLOYMENT_TARGET = 8.3;
				LD_RUNPATH_SEARCH_PATHS = "$(inherited) @executable_path/Frameworks";
				LIBRARY_SEARCH_PATHS = (
					"$(inherited)",
					"$(PROJECT_DIR)/走起WeakDay/Libarary/libWeiboSDK",
					"$(PROJECT_DIR)/走起WeakDay/Libarary/SDKExport",
					"$(PROJECT_DIR)/走起WeakDay/Libarary/Helper",
					"$(PROJECT_DIR)/走起WeakDay/Libarary/pch/WeiXinSDK副本",
				);
				PRODUCT_BUNDLE_IDENTIFIER = com.scjy.Something;
				PRODUCT_NAME = "$(TARGET_NAME)";
				PROVISIONING_PROFILE = "30bdb79f-5d22-4607-8086-14c622bf3a2a";
				TARGETED_DEVICE_FAMILY = 1;
			};
			name = Debug;
		};
		7AF570531C3A1C3C004184E8 /* Release */ = {
			isa = XCBuildConfiguration;
			baseConfigurationReference = FE48BF7BD561909F39DC4BF6 /* Pods.release.xcconfig */;
			buildSettings = {
				ASSETCATALOG_COMPILER_APPICON_NAME = AppIcon;
				FRAMEWORK_SEARCH_PATHS = (
					"$(inherited)",
					"$(PROJECT_DIR)",
				);
				GCC_PRECOMPILE_PREFIX_HEADER = YES;
				GCC_PREFIX_HEADER = "$(SRCROOT)/走起WeakDay/Libarary/pch/Prefix.pch";
				INFOPLIST_FILE = "走起WeakDay/Info.plist";
				IPHONEOS_DEPLOYMENT_TARGET = 8.3;
				LD_RUNPATH_SEARCH_PATHS = "$(inherited) @executable_path/Frameworks";
				LIBRARY_SEARCH_PATHS = (
					"$(inherited)",
					"$(PROJECT_DIR)/走起WeakDay/Libarary/libWeiboSDK",
					"$(PROJECT_DIR)/走起WeakDay/Libarary/SDKExport",
					"$(PROJECT_DIR)/走起WeakDay/Libarary/Helper",
					"$(PROJECT_DIR)/走起WeakDay/Libarary/pch/WeiXinSDK副本",
				);
				PRODUCT_BUNDLE_IDENTIFIER = com.scjy.Something;
				PRODUCT_NAME = "$(TARGET_NAME)";
				PROVISIONING_PROFILE = "30bdb79f-5d22-4607-8086-14c622bf3a2a";
				TARGETED_DEVICE_FAMILY = 1;
			};
			name = Release;
		};
/* End XCBuildConfiguration section */

/* Begin XCConfigurationList section */
		7AF5703B1C3A1C3C004184E8 /* Build configuration list for PBXProject "走起WeakDay" */ = {
			isa = XCConfigurationList;
			buildConfigurations = (
				7AF5704F1C3A1C3C004184E8 /* Debug */,
				7AF570501C3A1C3C004184E8 /* Release */,
			);
			defaultConfigurationIsVisible = 0;
			defaultConfigurationName = Release;
		};
		7AF570511C3A1C3C004184E8 /* Build configuration list for PBXNativeTarget "走起WeakDay" */ = {
			isa = XCConfigurationList;
			buildConfigurations = (
				7AF570521C3A1C3C004184E8 /* Debug */,
				7AF570531C3A1C3C004184E8 /* Release */,
			);
			defaultConfigurationIsVisible = 0;
			defaultConfigurationName = Release;
		};
/* End XCConfigurationList section */
	};
	rootObject = 7AF570381C3A1C3C004184E8 /* Project object */;
}
